
Microsoft Visual Studio Solution File, Format Version 12.00
# Visual Studio Version 17
VisualStudioVersion = 17.12.35707.178
MinimumVisualStudioVersion = 10.0.40219.1
Project("{2150E333-8FDC-42A3-9474-1A3956D46DE8}") = "ara3d-sdk", "ara3d-sdk", "{1B59A36D-0754-456B-B35F-1959C2F3EC04}"
	ProjectSection(SolutionItems) = preProject
		ara3d-sdk\README.md = ara3d-sdk\README.md
	EndProjectSection
EndProject
Project("{2150E333-8FDC-42A3-9474-1A3956D46DE8}") = "wip", "wip", "{500F7214-44D3-46D2-9585-235770D25032}"
EndProject
Project("{FAE04EC0-301F-11D3-BF4B-00C04F79EFBC}") = "Ara3D.IfcGeometry", "wip\IfcGeometry\Ara3D.IfcGeometry.csproj", "{F6F89E9F-8925-4E1E-AB98-8241ABDCF434}"
EndProject
Project("{FAE04EC0-301F-11D3-BF4B-00C04F79EFBC}") = "Ara3D.IfcLoader", "wip\Ara3D.IfcLoader\Ara3D.IfcLoader.csproj", "{3FD1F17C-A786-4600-9B12-AB8D77EB812B}"
EndProject
Project("{2150E333-8FDC-42A3-9474-1A3956D46DE8}") = "tests", "tests", "{DCB68EF5-DDB4-4500-A98A-83FF4DCF214B}"
EndProject
Project("{FAE04EC0-301F-11D3-BF4B-00C04F79EFBC}") = "Ara3D.Utils.Dev", "tests\Ara3D.Utils.Dev\Ara3D.Utils.Dev.csproj", "{A9759006-E335-402C-A409-22E5945CCA99}"
EndProject
Project("{FAE04EC0-301F-11D3-BF4B-00C04F79EFBC}") = "Ara3D.SDK.Tests", "tests\Ara3D.SDK.Tests\Ara3D.SDK.Tests.csproj", "{7798BB6D-41E1-465B-A25C-8CF00755F006}"
EndProject
Project("{FAE04EC0-301F-11D3-BF4B-00C04F79EFBC}") = "Ara3D.SDK.DevTools", "tests\Ara3D.SDK.DevTools\Ara3D.SDK.DevTools.csproj", "{7EABB929-D3AD-4270-B81D-E7387CEA5399}"
EndProject
Project("{2150E333-8FDC-42A3-9474-1A3956D46DE8}") = "src", "src", "{86E6AC1B-22CB-40CB-9A41-7A4A2D1C472F}"
EndProject
Project("{D954291E-2A0B-460D-934E-DC6B0785DB48}") = "Plato.Intrinsics", "src\Plato.Intrinsics\Plato.Intrinsics.shproj", "{1F13FB85-3985-48EC-83BC-5335A83A21D5}"
EndProject
Project("{FAE04EC0-301F-11D3-BF4B-00C04F79EFBC}") = "Ara3D.Utils.Roslyn", "src\Ara3D.Utils.Roslyn\Ara3D.Utils.Roslyn.csproj", "{A3F0CD36-F523-491E-8812-79CF323D79B8}"
EndProject
Project("{FAE04EC0-301F-11D3-BF4B-00C04F79EFBC}") = "Ara3D.Utils", "src\Ara3D.Utils\Ara3D.Utils.csproj", "{FF87119D-5F08-47BE-882E-D6B803AFEAF9}"
EndProject
Project("{FAE04EC0-301F-11D3-BF4B-00C04F79EFBC}") = "Ara3D.Studio.API", "src\Ara3D.Studio.API\Ara3D.Studio.API.csproj", "{A6BDA269-8FF6-4A3D-8721-0C41E5C36470}"
EndProject
Project("{FAE04EC0-301F-11D3-BF4B-00C04F79EFBC}") = "Ara3D.Services", "src\Ara3D.Services\Ara3D.Services.csproj", "{B65C5B2E-3A8A-4768-BE61-20031AEEE82D}"
EndProject
Project("{FAE04EC0-301F-11D3-BF4B-00C04F79EFBC}") = "Ara3D.ScriptService", "src\Ara3D.ScriptService\Ara3D.ScriptService.csproj", "{A6047DFC-88CA-46B9-9525-A8A41599413D}"
EndProject
Project("{FAE04EC0-301F-11D3-BF4B-00C04F79EFBC}") = "Ara3D.Models", "src\Ara3D.Models\Ara3D.Models.csproj", "{B190E325-924D-4F7D-AA20-AA1495EE9670}"
EndProject
Project("{FAE04EC0-301F-11D3-BF4B-00C04F79EFBC}") = "Ara3D.MemoryMappedFiles", "src\Ara3D.MemoryMappedFiles\Ara3D.MemoryMappedFiles.csproj", "{B515478D-D22C-42D9-ADDC-631818AFEE73}"
EndProject
Project("{FAE04EC0-301F-11D3-BF4B-00C04F79EFBC}") = "Ara3D.Memory", "src\Ara3D.Memory\Ara3D.Memory.csproj", "{52B08F0F-548E-4971-8732-0FD29B4B08D9}"
EndProject
Project("{FAE04EC0-301F-11D3-BF4B-00C04F79EFBC}") = "Ara3D.Logging", "src\Ara3D.Logging\Ara3D.Logging.csproj", "{6C4333B9-9210-4FB4-83D3-48CC0B15717E}"
EndProject
Project("{FAE04EC0-301F-11D3-BF4B-00C04F79EFBC}") = "Ara3D.IO.VIM", "src\Ara3D.IO.VIM\Ara3D.IO.VIM.csproj", "{F350630A-9B40-4312-B56F-1CFFED51099C}"
EndProject
Project("{FAE04EC0-301F-11D3-BF4B-00C04F79EFBC}") = "Ara3D.IO.StepParser", "src\Ara3D.IO.StepParser\Ara3D.IO.StepParser.csproj", "{3AFD493E-D5E9-434A-AC19-03A5C2681F08}"
EndProject
Project("{FAE04EC0-301F-11D3-BF4B-00C04F79EFBC}") = "Ara3D.IO.G3D", "src\Ara3D.IO.G3D\Ara3D.IO.G3D.csproj", "{70D43D5A-9B35-482E-8771-49913224C594}"
EndProject
Project("{FAE04EC0-301F-11D3-BF4B-00C04F79EFBC}") = "Ara3D.IO.BFAST", "src\Ara3D.IO.BFAST\Ara3D.IO.BFAST.csproj", "{4667D5BA-520F-4D9E-A277-7B24B05B7BEC}"
EndProject
Project("{FAE04EC0-301F-11D3-BF4B-00C04F79EFBC}") = "Ara3D.Domo", "src\Ara3D.Domo\Ara3D.Domo.csproj", "{3F517AF6-FABD-4C86-856E-2BA95DB1B71E}"
EndProject
Project("{FAE04EC0-301F-11D3-BF4B-00C04F79EFBC}") = "Ara3D.DataTable", "src\Ara3D.DataTable\Ara3D.DataTable.csproj", "{A2950621-380C-4C30-BCB5-A297E9D75AB4}"
EndProject
Project("{FAE04EC0-301F-11D3-BF4B-00C04F79EFBC}") = "Ara3D.Collections", "src\Ara3D.Collections\Ara3D.Collections.csproj", "{B94A8180-08DC-405D-9A33-84185B7B8B79}"
EndProject
Project("{2150E333-8FDC-42A3-9474-1A3956D46DE8}") = "examples", "examples", "{2F9EC201-24DE-477C-8205-7C8D3140E2E4}"
EndProject
Project("{FAE04EC0-301F-11D3-BF4B-00C04F79EFBC}") = "Ara3D.Studio.Samples", "examples\Ara3D.Studio.Examples\Ara3D.Studio.Samples.csproj", "{DAC4DF39-8F45-4C80-AEB3-5BE1782369A8}"
EndProject
Project("{2150E333-8FDC-42A3-9474-1A3956D46DE8}") = "deprecated", "deprecated", "{76A8E3C0-E8CB-4252-ABB3-E7397BACC0E1}"
EndProject
Project("{FAE04EC0-301F-11D3-BF4B-00C04F79EFBC}") = "Ara3D.SDK", "src\Ara3D.SDK\Ara3D.SDK.csproj", "{A8FC3A4D-ECC0-4340-A2F9-310DBC65A3F3}"
EndProject
Project("{2150E333-8FDC-42A3-9474-1A3956D46DE8}") = "plato-src", "plato-src", "{839B8872-458E-4707-A9F1-9C81CE55D3C2}"
EndProject
Project("{FAE04EC0-301F-11D3-BF4B-00C04F79EFBC}") = "plato-src", "plato-src\plato-src.csproj", "{EDF5150D-4830-4C97-8A21-BA8B947E3EBD}"
EndProject
Project("{2150E333-8FDC-42A3-9474-1A3956D46DE8}") = "toolchain", "toolchain", "{69650BB6-4AFC-4F12-BBA3-9C23E5916FDA}"
EndProject
Project("{2150E333-8FDC-42A3-9474-1A3956D46DE8}") = "Plato", "Plato", "{2F8F3E96-A34F-4882-9496-6374618D098D}"
EndProject
Project("{FAE04EC0-301F-11D3-BF4B-00C04F79EFBC}") = "PlatoWinFormsEditor", "toolchain\Plato\PlatoWinFormsEditor\PlatoWinFormsEditor.csproj", "{7D4742DA-44E0-4C50-8E7B-B57253CEE050}"
EndProject
Project("{FAE04EC0-301F-11D3-BF4B-00C04F79EFBC}") = "PlatoVSIX", "toolchain\Plato\PlatoVSIX\PlatoVSIX.csproj", "{056950E9-DD91-4D90-B0B2-5B9F0D5155B5}"
EndProject
Project("{FAE04EC0-301F-11D3-BF4B-00C04F79EFBC}") = "PlatoTypeInference", "toolchain\Plato\PlatoTypeInference\PlatoTypeInference.csproj", "{7A991F4D-AC87-4F57-98D8-1B6EC7B3D631}"
EndProject
Project("{FAE04EC0-301F-11D3-BF4B-00C04F79EFBC}") = "PlatoTests", "toolchain\Plato\PlatoTests\PlatoTests.csproj", "{B23A3B6E-3B56-403D-83F5-8BBCA663C9D3}"
EndProject
Project("{FAE04EC0-301F-11D3-BF4B-00C04F79EFBC}") = "PlatoStandardLibrary", "toolchain\Plato\PlatoStandardLibrary\PlatoStandardLibrary.csproj", "{481DD6BE-0E58-4792-90C3-7DD45DA04ADA}"
EndProject
Project("{FAE04EC0-301F-11D3-BF4B-00C04F79EFBC}") = "PlatoOutput", "toolchain\Plato\PlatoOutput\PlatoOutput.csproj", "{EAAE6433-A787-4F27-9156-DE6D4761F9B7}"
EndProject
Project("{FAE04EC0-301F-11D3-BF4B-00C04F79EFBC}") = "Plato.Compiler", "toolchain\Plato\PlatoCompiler\Plato.Compiler.csproj", "{FB23E28D-5AD2-422B-8D6A-4E5E33B809A0}"
EndProject
Project("{FAE04EC0-301F-11D3-BF4B-00C04F79EFBC}") = "Plato.Parser", "toolchain\Plato\Plato.Parser\Plato.Parser.csproj", "{1728A939-A89A-411B-BF8B-B16644283F5A}"
EndProject
Project("{FAE04EC0-301F-11D3-BF4B-00C04F79EFBC}") = "Plato.CSharpWriter", "toolchain\Plato\Plato.CSharpWriter\Plato.CSharpWriter.csproj", "{13EFB6E4-8765-41F1-A62A-25C271B7A106}"
EndProject
Project("{FAE04EC0-301F-11D3-BF4B-00C04F79EFBC}") = "Plato.CLI", "toolchain\Plato\Plato.CLI\Plato.CLI.csproj", "{07CD543C-B16C-4250-B09A-A5CC746FF061}"
EndProject
Project("{FAE04EC0-301F-11D3-BF4B-00C04F79EFBC}") = "Plato.AST", "toolchain\Plato\Plato.AST\Plato.AST.csproj", "{177B6A1C-9DC2-4E52-99FC-1D9811143762}"
EndProject
Project("{2150E333-8FDC-42A3-9474-1A3956D46DE8}") = "parakeet", "parakeet", "{B4990914-245C-4790-8CD0-4DFE0F8C6D42}"
EndProject
Project("{FAE04EC0-301F-11D3-BF4B-00C04F79EFBC}") = "Ara3D.Parakeet.Tests", "toolchain\parakeet\Parakeet.Tests\Ara3D.Parakeet.Tests.csproj", "{BF6EF218-A3A7-4C94-BF6A-B192002B685F}"
EndProject
Project("{FAE04EC0-301F-11D3-BF4B-00C04F79EFBC}") = "Ara3D.Parakeet.Grammars", "toolchain\parakeet\Parakeet.Grammars\Ara3D.Parakeet.Grammars.csproj", "{26BDED3C-97D5-437D-83C0-51AE3B31A6B7}"
EndProject
Project("{FAE04EC0-301F-11D3-BF4B-00C04F79EFBC}") = "Ara3D.Parakeet.Cst", "toolchain\parakeet\Parakeet.Cst\Ara3D.Parakeet.Cst.csproj", "{724A39D7-D9FD-4837-B462-69A4CE733546}"
EndProject
Project("{FAE04EC0-301F-11D3-BF4B-00C04F79EFBC}") = "Ara3D.Parakeet.ConsoleApp", "toolchain\parakeet\Parakeet.Console\Ara3D.Parakeet.ConsoleApp.csproj", "{819D035D-FD37-4BE0-B8E5-7F96995F6D15}"
EndProject
Project("{FAE04EC0-301F-11D3-BF4B-00C04F79EFBC}") = "Ara3D.Parakeet", "toolchain\parakeet\Parakeet\Ara3D.Parakeet.csproj", "{0F56130E-5D5C-4845-A1F5-BCFD8C4426DE}"
EndProject
Project("{FAE04EC0-301F-11D3-BF4B-00C04F79EFBC}") = "Ara3D.Parakeet.Parsers", "toolchain\parakeet\Parakeet.Parsers\Ara3D.Parakeet.Parsers.csproj", "{2549339E-B65C-480D-B943-9D842FE6345C}"
EndProject
Project("{FAE04EC0-301F-11D3-BF4B-00C04F79EFBC}") = "Ara3D.Geometry", "src\Ara3D.Geometry\Ara3D.Geometry.csproj", "{7484A1E6-C89D-47DF-9C52-FC1A81A20C0A}"
EndProject
Project("{D954291E-2A0B-460D-934E-DC6B0785DB48}") = "Plato.Generated", "src\Plato.Generated\Plato.Generated.shproj", "{34F6F04C-82CC-42CD-BAA9-DAA121802B19}"
EndProject
Project("{FAE04EC0-301F-11D3-BF4B-00C04F79EFBC}") = "Ara3D.IO.GltfExporter", "src\Ara3D.IO.GltfExporter\Ara3D.IO.GltfExporter.csproj", "{476344CA-A960-4CEF-9708-72A58D6E73AB}"
EndProject
Project("{FAE04EC0-301F-11D3-BF4B-00C04F79EFBC}") = "Ara3D.IO.PLY", "src\Ara3D.IO.PLY\Ara3D.IO.PLY.csproj", "{A81B29B6-59EF-4167-A91A-7AF54B9AEEE7}"
EndProject
Project("{FAE04EC0-301F-11D3-BF4B-00C04F79EFBC}") = "Ara3D.Deprecated", "deprecated\Ara3D.Deprecated\Ara3D.Deprecated.csproj", "{BFF46B0B-A592-48C9-9FAC-5DA07EBA4E2B}"
EndProject
Project("{FAE04EC0-301F-11D3-BF4B-00C04F79EFBC}") = "Ara3D.WorkItems", "src\Ara3D.WorkItems\Ara3D.WorkItems.csproj", "{E4C6183D-D95A-4F03-869D-A78E2DDBD278}"
EndProject
Project("{FAE04EC0-301F-11D3-BF4B-00C04F79EFBC}") = "Ara3D.Events", "src\Ara3D.Events\Ara3D.Events.csproj", "{71615252-787C-4A20-93DB-9204A8F27574}"
EndProject
Project("{FAE04EC0-301F-11D3-BF4B-00C04F79EFBC}") = "Ara3D.BimOpenSchema", "src\Ara3D.BimOpenSchema\Ara3D.BimOpenSchema.csproj", "{86662A4E-BA46-4578-0003-356696F68F92}"
EndProject
Project("{FAE04EC0-301F-11D3-BF4B-00C04F79EFBC}") = "Ara3D.BimOpenSchema.Tests", "tests\Ara3D.BimOpenSchema.Tests\Ara3D.BimOpenSchema.Tests.csproj", "{81953C4F-430C-0822-3754-48020F4C8262}"
EndProject
Project("{FAE04EC0-301F-11D3-BF4B-00C04F79EFBC}") = "Ara3D.IO.GeoJson", "src\Ara3D.IO.GeoJson\Ara3D.IO.GeoJson.csproj", "{04AB9E59-4E6B-4768-B764-BE5979515D7D}"
EndProject
Project("{FAE04EC0-301F-11D3-BF4B-00C04F79EFBC}") = "Ara3D.SDK.GeometryTests", "tests\Ara3D.SDK.GeometryTests\Ara3D.SDK.GeometryTests.csproj", "{64E4BE10-F888-413D-AB52-557C6E7FB4DB}"
EndProject
Project("{FAE04EC0-301F-11D3-BF4B-00C04F79EFBC}") = "Ara3D.PropKit", "src\Ara3D.PropKit\Ara3D.PropKit.csproj", "{37E31984-FAB4-EC8E-643A-D12D29F5FFB8}"
EndProject
Project("{FAE04EC0-301F-11D3-BF4B-00C04F79EFBC}") = "Ara3D.Physics", "wip\Ara3D.Physics\Ara3D.Physics.csproj", "{DFAB9861-3EB4-4B5C-B771-DC52B3E41DE0}"
EndProject
Project("{2150E333-8FDC-42A3-9474-1A3956D46DE8}") = "ext", "ext", "{02EA681E-C7D8-13C7-8484-4AC65E1B71E8}"
EndProject
Project("{FAE04EC0-301F-11D3-BF4B-00C04F79EFBC}") = "Ara3D.BimOpenSchema.Browser", "ext\Ara3D.BimOpenSchema.Browser\Ara3D.BimOpenSchema.Browser.csproj", "{CE74E7CB-9C4D-0067-2131-D95058C2DC3C}"
EndProject
Project("{FAE04EC0-301F-11D3-BF4B-00C04F79EFBC}") = "Ara3D.BimOpenSchema.IO", "ext\Ara3D.BimOpenSchema.IO\Ara3D.BimOpenSchema.IO.csproj", "{31B2F86C-D817-4BA6-1403-1D85E91A095D}"
EndProject
Project("{FAE04EC0-301F-11D3-BF4B-00C04F79EFBC}") = "Ara3D.BIMOpenSchema.Revit2025", "ext\Ara3D.BIMOpenSchema.Revit2025\Ara3D.BIMOpenSchema.Revit2025.csproj", "{D0643C7B-956E-FE74-0AE0-D1BE8B79DE03}"
EndProject
Project("{FAE04EC0-301F-11D3-BF4B-00C04F79EFBC}") = "Ara3D.Bowerbird", "ext\Ara3D.Bowerbird\Ara3D.Bowerbird.csproj", "{34B47F76-75CB-9A06-CA4F-120F27B158C6}"
EndProject
Project("{FAE04EC0-301F-11D3-BF4B-00C04F79EFBC}") = "Ara3D.Bowerbird.Demo", "ext\Ara3D.Bowerbird.Demo\Ara3D.Bowerbird.Demo.csproj", "{6229C21C-6D70-1032-28BC-133D76232D58}"
EndProject
Project("{FAE04EC0-301F-11D3-BF4B-00C04F79EFBC}") = "Ara3D.Bowerbird.Revit2025", "ext\Ara3D.Bowerbird.Revit2025\Ara3D.Bowerbird.Revit2025.csproj", "{90277AAC-20A2-6E3D-E777-523F529AF231}"
EndProject
Project("{FAE04EC0-301F-11D3-BF4B-00C04F79EFBC}") = "Ara3D.Bowerbird.RevitSamples", "ext\Ara3D.Bowerbird.RevitSamples\Ara3D.Bowerbird.RevitSamples.csproj", "{DA68AE9D-79CD-EB12-703D-1C978330283E}"
EndProject
Project("{FAE04EC0-301F-11D3-BF4B-00C04F79EFBC}") = "Ara3D.Extras", "ext\Ara3D.Extras\Ara3D.Extras.csproj", "{77DD2A31-4731-8A06-ACC5-A3E086C92B08}"
EndProject
Project("{FAE04EC0-301F-11D3-BF4B-00C04F79EFBC}") = "Ara3D.Utils.Wpf", "ext\Ara3D.Utils.Wpf\Ara3D.Utils.Wpf.csproj", "{F6E017A7-71D6-E9D5-39F7-07415F586583}"
EndProject
Project("{FAE04EC0-301F-11D3-BF4B-00C04F79EFBC}") = "Ara3D.Graphics", "wip\Ara3D.Graphics\Ara3D.Graphics.csproj", "{10ED741A-B605-83D7-DBCD-CA33205A9960}"
EndProject
Project("{FAE04EC0-301F-11D3-BF4B-00C04F79EFBC}") = "Ara3D.Interop.G3Sharp", "wip\Ara3D.Interop.G3Sharp\Ara3D.Interop.G3Sharp.csproj", "{843DF645-522E-9276-34B3-316990EA30C4}"
EndProject
Global
	GlobalSection(SolutionConfigurationPlatforms) = preSolution
		Debug|Any CPU = Debug|Any CPU
		Release|Any CPU = Release|Any CPU
	EndGlobalSection
	GlobalSection(ProjectConfigurationPlatforms) = postSolution
		{F6F89E9F-8925-4E1E-AB98-8241ABDCF434}.Debug|Any CPU.ActiveCfg = Debug|Any CPU
		{F6F89E9F-8925-4E1E-AB98-8241ABDCF434}.Debug|Any CPU.Build.0 = Debug|Any CPU
		{F6F89E9F-8925-4E1E-AB98-8241ABDCF434}.Release|Any CPU.ActiveCfg = Release|Any CPU
		{F6F89E9F-8925-4E1E-AB98-8241ABDCF434}.Release|Any CPU.Build.0 = Release|Any CPU
		{3FD1F17C-A786-4600-9B12-AB8D77EB812B}.Debug|Any CPU.ActiveCfg = Debug|Any CPU
		{3FD1F17C-A786-4600-9B12-AB8D77EB812B}.Debug|Any CPU.Build.0 = Debug|Any CPU
		{3FD1F17C-A786-4600-9B12-AB8D77EB812B}.Release|Any CPU.ActiveCfg = Release|Any CPU
		{3FD1F17C-A786-4600-9B12-AB8D77EB812B}.Release|Any CPU.Build.0 = Release|Any CPU
		{A9759006-E335-402C-A409-22E5945CCA99}.Debug|Any CPU.ActiveCfg = Debug|Any CPU
		{A9759006-E335-402C-A409-22E5945CCA99}.Debug|Any CPU.Build.0 = Debug|Any CPU
		{A9759006-E335-402C-A409-22E5945CCA99}.Release|Any CPU.ActiveCfg = Release|Any CPU
		{A9759006-E335-402C-A409-22E5945CCA99}.Release|Any CPU.Build.0 = Release|Any CPU
		{7798BB6D-41E1-465B-A25C-8CF00755F006}.Debug|Any CPU.ActiveCfg = Debug|Any CPU
		{7798BB6D-41E1-465B-A25C-8CF00755F006}.Debug|Any CPU.Build.0 = Debug|Any CPU
		{7798BB6D-41E1-465B-A25C-8CF00755F006}.Release|Any CPU.ActiveCfg = Release|Any CPU
		{7798BB6D-41E1-465B-A25C-8CF00755F006}.Release|Any CPU.Build.0 = Release|Any CPU
		{7EABB929-D3AD-4270-B81D-E7387CEA5399}.Debug|Any CPU.ActiveCfg = Debug|Any CPU
		{7EABB929-D3AD-4270-B81D-E7387CEA5399}.Debug|Any CPU.Build.0 = Debug|Any CPU
		{7EABB929-D3AD-4270-B81D-E7387CEA5399}.Release|Any CPU.ActiveCfg = Release|Any CPU
		{7EABB929-D3AD-4270-B81D-E7387CEA5399}.Release|Any CPU.Build.0 = Release|Any CPU
		{A3F0CD36-F523-491E-8812-79CF323D79B8}.Debug|Any CPU.ActiveCfg = Debug|Any CPU
		{A3F0CD36-F523-491E-8812-79CF323D79B8}.Debug|Any CPU.Build.0 = Debug|Any CPU
		{A3F0CD36-F523-491E-8812-79CF323D79B8}.Release|Any CPU.ActiveCfg = Release|Any CPU
		{A3F0CD36-F523-491E-8812-79CF323D79B8}.Release|Any CPU.Build.0 = Release|Any CPU
		{FF87119D-5F08-47BE-882E-D6B803AFEAF9}.Debug|Any CPU.ActiveCfg = Debug|Any CPU
		{FF87119D-5F08-47BE-882E-D6B803AFEAF9}.Debug|Any CPU.Build.0 = Debug|Any CPU
		{FF87119D-5F08-47BE-882E-D6B803AFEAF9}.Release|Any CPU.ActiveCfg = Release|Any CPU
		{FF87119D-5F08-47BE-882E-D6B803AFEAF9}.Release|Any CPU.Build.0 = Release|Any CPU
		{A6BDA269-8FF6-4A3D-8721-0C41E5C36470}.Debug|Any CPU.ActiveCfg = Debug|Any CPU
		{A6BDA269-8FF6-4A3D-8721-0C41E5C36470}.Debug|Any CPU.Build.0 = Debug|Any CPU
		{A6BDA269-8FF6-4A3D-8721-0C41E5C36470}.Release|Any CPU.ActiveCfg = Release|Any CPU
		{A6BDA269-8FF6-4A3D-8721-0C41E5C36470}.Release|Any CPU.Build.0 = Release|Any CPU
		{B65C5B2E-3A8A-4768-BE61-20031AEEE82D}.Debug|Any CPU.ActiveCfg = Debug|Any CPU
		{B65C5B2E-3A8A-4768-BE61-20031AEEE82D}.Debug|Any CPU.Build.0 = Debug|Any CPU
		{B65C5B2E-3A8A-4768-BE61-20031AEEE82D}.Release|Any CPU.ActiveCfg = Release|Any CPU
		{B65C5B2E-3A8A-4768-BE61-20031AEEE82D}.Release|Any CPU.Build.0 = Release|Any CPU
		{A6047DFC-88CA-46B9-9525-A8A41599413D}.Debug|Any CPU.ActiveCfg = Debug|Any CPU
		{A6047DFC-88CA-46B9-9525-A8A41599413D}.Debug|Any CPU.Build.0 = Debug|Any CPU
		{A6047DFC-88CA-46B9-9525-A8A41599413D}.Release|Any CPU.ActiveCfg = Release|Any CPU
		{A6047DFC-88CA-46B9-9525-A8A41599413D}.Release|Any CPU.Build.0 = Release|Any CPU
		{B190E325-924D-4F7D-AA20-AA1495EE9670}.Debug|Any CPU.ActiveCfg = Debug|Any CPU
		{B190E325-924D-4F7D-AA20-AA1495EE9670}.Debug|Any CPU.Build.0 = Debug|Any CPU
		{B190E325-924D-4F7D-AA20-AA1495EE9670}.Release|Any CPU.ActiveCfg = Release|Any CPU
		{B190E325-924D-4F7D-AA20-AA1495EE9670}.Release|Any CPU.Build.0 = Release|Any CPU
		{B515478D-D22C-42D9-ADDC-631818AFEE73}.Debug|Any CPU.ActiveCfg = Debug|Any CPU
		{B515478D-D22C-42D9-ADDC-631818AFEE73}.Debug|Any CPU.Build.0 = Debug|Any CPU
		{B515478D-D22C-42D9-ADDC-631818AFEE73}.Release|Any CPU.ActiveCfg = Release|Any CPU
		{B515478D-D22C-42D9-ADDC-631818AFEE73}.Release|Any CPU.Build.0 = Release|Any CPU
		{52B08F0F-548E-4971-8732-0FD29B4B08D9}.Debug|Any CPU.ActiveCfg = Debug|Any CPU
		{52B08F0F-548E-4971-8732-0FD29B4B08D9}.Debug|Any CPU.Build.0 = Debug|Any CPU
		{52B08F0F-548E-4971-8732-0FD29B4B08D9}.Release|Any CPU.ActiveCfg = Release|Any CPU
		{52B08F0F-548E-4971-8732-0FD29B4B08D9}.Release|Any CPU.Build.0 = Release|Any CPU
		{6C4333B9-9210-4FB4-83D3-48CC0B15717E}.Debug|Any CPU.ActiveCfg = Debug|Any CPU
		{6C4333B9-9210-4FB4-83D3-48CC0B15717E}.Debug|Any CPU.Build.0 = Debug|Any CPU
		{6C4333B9-9210-4FB4-83D3-48CC0B15717E}.Release|Any CPU.ActiveCfg = Release|Any CPU
		{6C4333B9-9210-4FB4-83D3-48CC0B15717E}.Release|Any CPU.Build.0 = Release|Any CPU
		{F350630A-9B40-4312-B56F-1CFFED51099C}.Debug|Any CPU.ActiveCfg = Debug|Any CPU
		{F350630A-9B40-4312-B56F-1CFFED51099C}.Debug|Any CPU.Build.0 = Debug|Any CPU
		{F350630A-9B40-4312-B56F-1CFFED51099C}.Release|Any CPU.ActiveCfg = Release|Any CPU
		{F350630A-9B40-4312-B56F-1CFFED51099C}.Release|Any CPU.Build.0 = Release|Any CPU
		{3AFD493E-D5E9-434A-AC19-03A5C2681F08}.Debug|Any CPU.ActiveCfg = Debug|Any CPU
		{3AFD493E-D5E9-434A-AC19-03A5C2681F08}.Debug|Any CPU.Build.0 = Debug|Any CPU
		{3AFD493E-D5E9-434A-AC19-03A5C2681F08}.Release|Any CPU.ActiveCfg = Release|Any CPU
		{3AFD493E-D5E9-434A-AC19-03A5C2681F08}.Release|Any CPU.Build.0 = Release|Any CPU
		{70D43D5A-9B35-482E-8771-49913224C594}.Debug|Any CPU.ActiveCfg = Debug|Any CPU
		{70D43D5A-9B35-482E-8771-49913224C594}.Debug|Any CPU.Build.0 = Debug|Any CPU
		{70D43D5A-9B35-482E-8771-49913224C594}.Release|Any CPU.ActiveCfg = Release|Any CPU
		{70D43D5A-9B35-482E-8771-49913224C594}.Release|Any CPU.Build.0 = Release|Any CPU
		{4667D5BA-520F-4D9E-A277-7B24B05B7BEC}.Debug|Any CPU.ActiveCfg = Debug|Any CPU
		{4667D5BA-520F-4D9E-A277-7B24B05B7BEC}.Debug|Any CPU.Build.0 = Debug|Any CPU
		{4667D5BA-520F-4D9E-A277-7B24B05B7BEC}.Release|Any CPU.ActiveCfg = Release|Any CPU
		{4667D5BA-520F-4D9E-A277-7B24B05B7BEC}.Release|Any CPU.Build.0 = Release|Any CPU
		{3F517AF6-FABD-4C86-856E-2BA95DB1B71E}.Debug|Any CPU.ActiveCfg = Debug|Any CPU
		{3F517AF6-FABD-4C86-856E-2BA95DB1B71E}.Debug|Any CPU.Build.0 = Debug|Any CPU
		{3F517AF6-FABD-4C86-856E-2BA95DB1B71E}.Release|Any CPU.ActiveCfg = Release|Any CPU
		{3F517AF6-FABD-4C86-856E-2BA95DB1B71E}.Release|Any CPU.Build.0 = Release|Any CPU
		{A2950621-380C-4C30-BCB5-A297E9D75AB4}.Debug|Any CPU.ActiveCfg = Debug|Any CPU
		{A2950621-380C-4C30-BCB5-A297E9D75AB4}.Debug|Any CPU.Build.0 = Debug|Any CPU
		{A2950621-380C-4C30-BCB5-A297E9D75AB4}.Release|Any CPU.ActiveCfg = Release|Any CPU
		{A2950621-380C-4C30-BCB5-A297E9D75AB4}.Release|Any CPU.Build.0 = Release|Any CPU
		{B94A8180-08DC-405D-9A33-84185B7B8B79}.Debug|Any CPU.ActiveCfg = Debug|Any CPU
		{B94A8180-08DC-405D-9A33-84185B7B8B79}.Debug|Any CPU.Build.0 = Debug|Any CPU
		{B94A8180-08DC-405D-9A33-84185B7B8B79}.Release|Any CPU.ActiveCfg = Release|Any CPU
		{B94A8180-08DC-405D-9A33-84185B7B8B79}.Release|Any CPU.Build.0 = Release|Any CPU
		{DAC4DF39-8F45-4C80-AEB3-5BE1782369A8}.Debug|Any CPU.ActiveCfg = Debug|Any CPU
		{DAC4DF39-8F45-4C80-AEB3-5BE1782369A8}.Debug|Any CPU.Build.0 = Debug|Any CPU
		{DAC4DF39-8F45-4C80-AEB3-5BE1782369A8}.Release|Any CPU.ActiveCfg = Release|Any CPU
		{DAC4DF39-8F45-4C80-AEB3-5BE1782369A8}.Release|Any CPU.Build.0 = Release|Any CPU
		{A8FC3A4D-ECC0-4340-A2F9-310DBC65A3F3}.Debug|Any CPU.ActiveCfg = Debug|Any CPU
		{A8FC3A4D-ECC0-4340-A2F9-310DBC65A3F3}.Debug|Any CPU.Build.0 = Debug|Any CPU
		{A8FC3A4D-ECC0-4340-A2F9-310DBC65A3F3}.Release|Any CPU.ActiveCfg = Release|Any CPU
		{A8FC3A4D-ECC0-4340-A2F9-310DBC65A3F3}.Release|Any CPU.Build.0 = Release|Any CPU
		{EDF5150D-4830-4C97-8A21-BA8B947E3EBD}.Debug|Any CPU.ActiveCfg = Debug|Any CPU
		{EDF5150D-4830-4C97-8A21-BA8B947E3EBD}.Debug|Any CPU.Build.0 = Debug|Any CPU
		{EDF5150D-4830-4C97-8A21-BA8B947E3EBD}.Release|Any CPU.ActiveCfg = Release|Any CPU
		{EDF5150D-4830-4C97-8A21-BA8B947E3EBD}.Release|Any CPU.Build.0 = Release|Any CPU
		{7D4742DA-44E0-4C50-8E7B-B57253CEE050}.Debug|Any CPU.ActiveCfg = Debug|Any CPU
		{7D4742DA-44E0-4C50-8E7B-B57253CEE050}.Debug|Any CPU.Build.0 = Debug|Any CPU
		{7D4742DA-44E0-4C50-8E7B-B57253CEE050}.Release|Any CPU.ActiveCfg = Release|Any CPU
		{7D4742DA-44E0-4C50-8E7B-B57253CEE050}.Release|Any CPU.Build.0 = Release|Any CPU
		{056950E9-DD91-4D90-B0B2-5B9F0D5155B5}.Debug|Any CPU.ActiveCfg = Debug|Any CPU
		{056950E9-DD91-4D90-B0B2-5B9F0D5155B5}.Debug|Any CPU.Build.0 = Debug|Any CPU
		{056950E9-DD91-4D90-B0B2-5B9F0D5155B5}.Release|Any CPU.ActiveCfg = Release|Any CPU
		{056950E9-DD91-4D90-B0B2-5B9F0D5155B5}.Release|Any CPU.Build.0 = Release|Any CPU
		{7A991F4D-AC87-4F57-98D8-1B6EC7B3D631}.Debug|Any CPU.ActiveCfg = Debug|Any CPU
		{7A991F4D-AC87-4F57-98D8-1B6EC7B3D631}.Debug|Any CPU.Build.0 = Debug|Any CPU
		{7A991F4D-AC87-4F57-98D8-1B6EC7B3D631}.Release|Any CPU.ActiveCfg = Release|Any CPU
		{7A991F4D-AC87-4F57-98D8-1B6EC7B3D631}.Release|Any CPU.Build.0 = Release|Any CPU
		{B23A3B6E-3B56-403D-83F5-8BBCA663C9D3}.Debug|Any CPU.ActiveCfg = Debug|Any CPU
		{B23A3B6E-3B56-403D-83F5-8BBCA663C9D3}.Debug|Any CPU.Build.0 = Debug|Any CPU
		{B23A3B6E-3B56-403D-83F5-8BBCA663C9D3}.Release|Any CPU.ActiveCfg = Release|Any CPU
		{B23A3B6E-3B56-403D-83F5-8BBCA663C9D3}.Release|Any CPU.Build.0 = Release|Any CPU
		{481DD6BE-0E58-4792-90C3-7DD45DA04ADA}.Debug|Any CPU.ActiveCfg = Debug|Any CPU
		{481DD6BE-0E58-4792-90C3-7DD45DA04ADA}.Debug|Any CPU.Build.0 = Debug|Any CPU
		{481DD6BE-0E58-4792-90C3-7DD45DA04ADA}.Release|Any CPU.ActiveCfg = Release|Any CPU
		{481DD6BE-0E58-4792-90C3-7DD45DA04ADA}.Release|Any CPU.Build.0 = Release|Any CPU
		{EAAE6433-A787-4F27-9156-DE6D4761F9B7}.Debug|Any CPU.ActiveCfg = Debug|Any CPU
		{EAAE6433-A787-4F27-9156-DE6D4761F9B7}.Debug|Any CPU.Build.0 = Debug|Any CPU
		{EAAE6433-A787-4F27-9156-DE6D4761F9B7}.Release|Any CPU.ActiveCfg = Release|Any CPU
		{EAAE6433-A787-4F27-9156-DE6D4761F9B7}.Release|Any CPU.Build.0 = Release|Any CPU
		{FB23E28D-5AD2-422B-8D6A-4E5E33B809A0}.Debug|Any CPU.ActiveCfg = Debug|Any CPU
		{FB23E28D-5AD2-422B-8D6A-4E5E33B809A0}.Debug|Any CPU.Build.0 = Debug|Any CPU
		{FB23E28D-5AD2-422B-8D6A-4E5E33B809A0}.Release|Any CPU.ActiveCfg = Release|Any CPU
		{FB23E28D-5AD2-422B-8D6A-4E5E33B809A0}.Release|Any CPU.Build.0 = Release|Any CPU
		{1728A939-A89A-411B-BF8B-B16644283F5A}.Debug|Any CPU.ActiveCfg = Debug|Any CPU
		{1728A939-A89A-411B-BF8B-B16644283F5A}.Debug|Any CPU.Build.0 = Debug|Any CPU
		{1728A939-A89A-411B-BF8B-B16644283F5A}.Release|Any CPU.ActiveCfg = Release|Any CPU
		{1728A939-A89A-411B-BF8B-B16644283F5A}.Release|Any CPU.Build.0 = Release|Any CPU
		{13EFB6E4-8765-41F1-A62A-25C271B7A106}.Debug|Any CPU.ActiveCfg = Debug|Any CPU
		{13EFB6E4-8765-41F1-A62A-25C271B7A106}.Debug|Any CPU.Build.0 = Debug|Any CPU
		{13EFB6E4-8765-41F1-A62A-25C271B7A106}.Release|Any CPU.ActiveCfg = Release|Any CPU
		{13EFB6E4-8765-41F1-A62A-25C271B7A106}.Release|Any CPU.Build.0 = Release|Any CPU
		{07CD543C-B16C-4250-B09A-A5CC746FF061}.Debug|Any CPU.ActiveCfg = Debug|Any CPU
		{07CD543C-B16C-4250-B09A-A5CC746FF061}.Debug|Any CPU.Build.0 = Debug|Any CPU
		{07CD543C-B16C-4250-B09A-A5CC746FF061}.Release|Any CPU.ActiveCfg = Release|Any CPU
		{07CD543C-B16C-4250-B09A-A5CC746FF061}.Release|Any CPU.Build.0 = Release|Any CPU
		{177B6A1C-9DC2-4E52-99FC-1D9811143762}.Debug|Any CPU.ActiveCfg = Debug|Any CPU
		{177B6A1C-9DC2-4E52-99FC-1D9811143762}.Debug|Any CPU.Build.0 = Debug|Any CPU
		{177B6A1C-9DC2-4E52-99FC-1D9811143762}.Release|Any CPU.ActiveCfg = Release|Any CPU
		{177B6A1C-9DC2-4E52-99FC-1D9811143762}.Release|Any CPU.Build.0 = Release|Any CPU
		{BF6EF218-A3A7-4C94-BF6A-B192002B685F}.Debug|Any CPU.ActiveCfg = Debug|Any CPU
		{BF6EF218-A3A7-4C94-BF6A-B192002B685F}.Debug|Any CPU.Build.0 = Debug|Any CPU
		{BF6EF218-A3A7-4C94-BF6A-B192002B685F}.Release|Any CPU.ActiveCfg = Release|Any CPU
		{BF6EF218-A3A7-4C94-BF6A-B192002B685F}.Release|Any CPU.Build.0 = Release|Any CPU
		{26BDED3C-97D5-437D-83C0-51AE3B31A6B7}.Debug|Any CPU.ActiveCfg = Debug|Any CPU
		{26BDED3C-97D5-437D-83C0-51AE3B31A6B7}.Debug|Any CPU.Build.0 = Debug|Any CPU
		{26BDED3C-97D5-437D-83C0-51AE3B31A6B7}.Release|Any CPU.ActiveCfg = Release|Any CPU
		{26BDED3C-97D5-437D-83C0-51AE3B31A6B7}.Release|Any CPU.Build.0 = Release|Any CPU
		{724A39D7-D9FD-4837-B462-69A4CE733546}.Debug|Any CPU.ActiveCfg = Debug|Any CPU
		{724A39D7-D9FD-4837-B462-69A4CE733546}.Debug|Any CPU.Build.0 = Debug|Any CPU
		{724A39D7-D9FD-4837-B462-69A4CE733546}.Release|Any CPU.ActiveCfg = Release|Any CPU
		{724A39D7-D9FD-4837-B462-69A4CE733546}.Release|Any CPU.Build.0 = Release|Any CPU
		{819D035D-FD37-4BE0-B8E5-7F96995F6D15}.Debug|Any CPU.ActiveCfg = Debug|Any CPU
		{819D035D-FD37-4BE0-B8E5-7F96995F6D15}.Debug|Any CPU.Build.0 = Debug|Any CPU
		{819D035D-FD37-4BE0-B8E5-7F96995F6D15}.Release|Any CPU.ActiveCfg = Release|Any CPU
		{819D035D-FD37-4BE0-B8E5-7F96995F6D15}.Release|Any CPU.Build.0 = Release|Any CPU
		{0F56130E-5D5C-4845-A1F5-BCFD8C4426DE}.Debug|Any CPU.ActiveCfg = Debug|Any CPU
		{0F56130E-5D5C-4845-A1F5-BCFD8C4426DE}.Debug|Any CPU.Build.0 = Debug|Any CPU
		{0F56130E-5D5C-4845-A1F5-BCFD8C4426DE}.Release|Any CPU.ActiveCfg = Release|Any CPU
		{0F56130E-5D5C-4845-A1F5-BCFD8C4426DE}.Release|Any CPU.Build.0 = Release|Any CPU
		{2549339E-B65C-480D-B943-9D842FE6345C}.Debug|Any CPU.ActiveCfg = Debug|Any CPU
		{2549339E-B65C-480D-B943-9D842FE6345C}.Debug|Any CPU.Build.0 = Debug|Any CPU
		{2549339E-B65C-480D-B943-9D842FE6345C}.Release|Any CPU.ActiveCfg = Release|Any CPU
		{2549339E-B65C-480D-B943-9D842FE6345C}.Release|Any CPU.Build.0 = Release|Any CPU
		{7484A1E6-C89D-47DF-9C52-FC1A81A20C0A}.Debug|Any CPU.ActiveCfg = Debug|Any CPU
		{7484A1E6-C89D-47DF-9C52-FC1A81A20C0A}.Debug|Any CPU.Build.0 = Debug|Any CPU
		{7484A1E6-C89D-47DF-9C52-FC1A81A20C0A}.Release|Any CPU.ActiveCfg = Release|Any CPU
		{7484A1E6-C89D-47DF-9C52-FC1A81A20C0A}.Release|Any CPU.Build.0 = Release|Any CPU
		{476344CA-A960-4CEF-9708-72A58D6E73AB}.Debug|Any CPU.ActiveCfg = Debug|Any CPU
		{476344CA-A960-4CEF-9708-72A58D6E73AB}.Debug|Any CPU.Build.0 = Debug|Any CPU
		{476344CA-A960-4CEF-9708-72A58D6E73AB}.Release|Any CPU.ActiveCfg = Release|Any CPU
		{476344CA-A960-4CEF-9708-72A58D6E73AB}.Release|Any CPU.Build.0 = Release|Any CPU
		{A81B29B6-59EF-4167-A91A-7AF54B9AEEE7}.Debug|Any CPU.ActiveCfg = Debug|Any CPU
		{A81B29B6-59EF-4167-A91A-7AF54B9AEEE7}.Debug|Any CPU.Build.0 = Debug|Any CPU
		{A81B29B6-59EF-4167-A91A-7AF54B9AEEE7}.Release|Any CPU.ActiveCfg = Release|Any CPU
		{A81B29B6-59EF-4167-A91A-7AF54B9AEEE7}.Release|Any CPU.Build.0 = Release|Any CPU
		{BFF46B0B-A592-48C9-9FAC-5DA07EBA4E2B}.Debug|Any CPU.ActiveCfg = Debug|Any CPU
		{BFF46B0B-A592-48C9-9FAC-5DA07EBA4E2B}.Debug|Any CPU.Build.0 = Debug|Any CPU
		{BFF46B0B-A592-48C9-9FAC-5DA07EBA4E2B}.Release|Any CPU.ActiveCfg = Release|Any CPU
		{BFF46B0B-A592-48C9-9FAC-5DA07EBA4E2B}.Release|Any CPU.Build.0 = Release|Any CPU
		{E4C6183D-D95A-4F03-869D-A78E2DDBD278}.Debug|Any CPU.ActiveCfg = Debug|Any CPU
		{E4C6183D-D95A-4F03-869D-A78E2DDBD278}.Debug|Any CPU.Build.0 = Debug|Any CPU
		{E4C6183D-D95A-4F03-869D-A78E2DDBD278}.Release|Any CPU.ActiveCfg = Release|Any CPU
		{E4C6183D-D95A-4F03-869D-A78E2DDBD278}.Release|Any CPU.Build.0 = Release|Any CPU
		{71615252-787C-4A20-93DB-9204A8F27574}.Debug|Any CPU.ActiveCfg = Debug|Any CPU
		{71615252-787C-4A20-93DB-9204A8F27574}.Debug|Any CPU.Build.0 = Debug|Any CPU
		{71615252-787C-4A20-93DB-9204A8F27574}.Release|Any CPU.ActiveCfg = Release|Any CPU
		{71615252-787C-4A20-93DB-9204A8F27574}.Release|Any CPU.Build.0 = Release|Any CPU
		{86662A4E-BA46-4578-0003-356696F68F92}.Debug|Any CPU.ActiveCfg = Debug|Any CPU
		{86662A4E-BA46-4578-0003-356696F68F92}.Debug|Any CPU.Build.0 = Debug|Any CPU
		{86662A4E-BA46-4578-0003-356696F68F92}.Release|Any CPU.ActiveCfg = Release|Any CPU
		{86662A4E-BA46-4578-0003-356696F68F92}.Release|Any CPU.Build.0 = Release|Any CPU
		{81953C4F-430C-0822-3754-48020F4C8262}.Debug|Any CPU.ActiveCfg = Debug|Any CPU
		{81953C4F-430C-0822-3754-48020F4C8262}.Debug|Any CPU.Build.0 = Debug|Any CPU
		{81953C4F-430C-0822-3754-48020F4C8262}.Release|Any CPU.ActiveCfg = Release|Any CPU
		{81953C4F-430C-0822-3754-48020F4C8262}.Release|Any CPU.Build.0 = Release|Any CPU
		{04AB9E59-4E6B-4768-B764-BE5979515D7D}.Debug|Any CPU.ActiveCfg = Debug|Any CPU
		{04AB9E59-4E6B-4768-B764-BE5979515D7D}.Debug|Any CPU.Build.0 = Debug|Any CPU
		{04AB9E59-4E6B-4768-B764-BE5979515D7D}.Release|Any CPU.ActiveCfg = Release|Any CPU
		{04AB9E59-4E6B-4768-B764-BE5979515D7D}.Release|Any CPU.Build.0 = Release|Any CPU
		{64E4BE10-F888-413D-AB52-557C6E7FB4DB}.Debug|Any CPU.ActiveCfg = Debug|Any CPU
		{64E4BE10-F888-413D-AB52-557C6E7FB4DB}.Debug|Any CPU.Build.0 = Debug|Any CPU
		{64E4BE10-F888-413D-AB52-557C6E7FB4DB}.Release|Any CPU.ActiveCfg = Release|Any CPU
		{64E4BE10-F888-413D-AB52-557C6E7FB4DB}.Release|Any CPU.Build.0 = Release|Any CPU
		{37E31984-FAB4-EC8E-643A-D12D29F5FFB8}.Debug|Any CPU.ActiveCfg = Debug|Any CPU
		{37E31984-FAB4-EC8E-643A-D12D29F5FFB8}.Debug|Any CPU.Build.0 = Debug|Any CPU
		{37E31984-FAB4-EC8E-643A-D12D29F5FFB8}.Release|Any CPU.ActiveCfg = Release|Any CPU
		{37E31984-FAB4-EC8E-643A-D12D29F5FFB8}.Release|Any CPU.Build.0 = Release|Any CPU
		{DFAB9861-3EB4-4B5C-B771-DC52B3E41DE0}.Debug|Any CPU.ActiveCfg = Debug|Any CPU
		{DFAB9861-3EB4-4B5C-B771-DC52B3E41DE0}.Debug|Any CPU.Build.0 = Debug|Any CPU
		{DFAB9861-3EB4-4B5C-B771-DC52B3E41DE0}.Release|Any CPU.ActiveCfg = Release|Any CPU
		{DFAB9861-3EB4-4B5C-B771-DC52B3E41DE0}.Release|Any CPU.Build.0 = Release|Any CPU
		{CE74E7CB-9C4D-0067-2131-D95058C2DC3C}.Debug|Any CPU.ActiveCfg = Debug|Any CPU
		{CE74E7CB-9C4D-0067-2131-D95058C2DC3C}.Debug|Any CPU.Build.0 = Debug|Any CPU
		{CE74E7CB-9C4D-0067-2131-D95058C2DC3C}.Release|Any CPU.ActiveCfg = Release|Any CPU
		{CE74E7CB-9C4D-0067-2131-D95058C2DC3C}.Release|Any CPU.Build.0 = Release|Any CPU
		{31B2F86C-D817-4BA6-1403-1D85E91A095D}.Debug|Any CPU.ActiveCfg = Debug|Any CPU
		{31B2F86C-D817-4BA6-1403-1D85E91A095D}.Debug|Any CPU.Build.0 = Debug|Any CPU
		{31B2F86C-D817-4BA6-1403-1D85E91A095D}.Release|Any CPU.ActiveCfg = Release|Any CPU
		{31B2F86C-D817-4BA6-1403-1D85E91A095D}.Release|Any CPU.Build.0 = Release|Any CPU
		{D0643C7B-956E-FE74-0AE0-D1BE8B79DE03}.Debug|Any CPU.ActiveCfg = Debug|x64
		{D0643C7B-956E-FE74-0AE0-D1BE8B79DE03}.Debug|Any CPU.Build.0 = Debug|x64
		{D0643C7B-956E-FE74-0AE0-D1BE8B79DE03}.Release|Any CPU.ActiveCfg = Release|Any CPU
		{D0643C7B-956E-FE74-0AE0-D1BE8B79DE03}.Release|Any CPU.Build.0 = Release|Any CPU
		{34B47F76-75CB-9A06-CA4F-120F27B158C6}.Debug|Any CPU.ActiveCfg = Debug|Any CPU
		{34B47F76-75CB-9A06-CA4F-120F27B158C6}.Debug|Any CPU.Build.0 = Debug|Any CPU
		{34B47F76-75CB-9A06-CA4F-120F27B158C6}.Release|Any CPU.ActiveCfg = Release|Any CPU
		{34B47F76-75CB-9A06-CA4F-120F27B158C6}.Release|Any CPU.Build.0 = Release|Any CPU
		{6229C21C-6D70-1032-28BC-133D76232D58}.Debug|Any CPU.ActiveCfg = Debug|Any CPU
		{6229C21C-6D70-1032-28BC-133D76232D58}.Debug|Any CPU.Build.0 = Debug|Any CPU
		{6229C21C-6D70-1032-28BC-133D76232D58}.Release|Any CPU.ActiveCfg = Release|Any CPU
		{6229C21C-6D70-1032-28BC-133D76232D58}.Release|Any CPU.Build.0 = Release|Any CPU
		{90277AAC-20A2-6E3D-E777-523F529AF231}.Debug|Any CPU.ActiveCfg = Debug|x64
		{90277AAC-20A2-6E3D-E777-523F529AF231}.Debug|Any CPU.Build.0 = Debug|x64
		{90277AAC-20A2-6E3D-E777-523F529AF231}.Release|Any CPU.ActiveCfg = Release|Any CPU
		{90277AAC-20A2-6E3D-E777-523F529AF231}.Release|Any CPU.Build.0 = Release|Any CPU
		{DA68AE9D-79CD-EB12-703D-1C978330283E}.Debug|Any CPU.ActiveCfg = Debug|x64
		{DA68AE9D-79CD-EB12-703D-1C978330283E}.Debug|Any CPU.Build.0 = Debug|x64
		{DA68AE9D-79CD-EB12-703D-1C978330283E}.Release|Any CPU.ActiveCfg = Release|Any CPU
		{DA68AE9D-79CD-EB12-703D-1C978330283E}.Release|Any CPU.Build.0 = Release|Any CPU
		{77DD2A31-4731-8A06-ACC5-A3E086C92B08}.Debug|Any CPU.ActiveCfg = Debug|Any CPU
		{77DD2A31-4731-8A06-ACC5-A3E086C92B08}.Debug|Any CPU.Build.0 = Debug|Any CPU
		{77DD2A31-4731-8A06-ACC5-A3E086C92B08}.Release|Any CPU.ActiveCfg = Release|Any CPU
		{77DD2A31-4731-8A06-ACC5-A3E086C92B08}.Release|Any CPU.Build.0 = Release|Any CPU
		{F6E017A7-71D6-E9D5-39F7-07415F586583}.Debug|Any CPU.ActiveCfg = Debug|Any CPU
		{F6E017A7-71D6-E9D5-39F7-07415F586583}.Debug|Any CPU.Build.0 = Debug|Any CPU
		{F6E017A7-71D6-E9D5-39F7-07415F586583}.Release|Any CPU.ActiveCfg = Release|Any CPU
		{F6E017A7-71D6-E9D5-39F7-07415F586583}.Release|Any CPU.Build.0 = Release|Any CPU
		{10ED741A-B605-83D7-DBCD-CA33205A9960}.Debug|Any CPU.ActiveCfg = Debug|Any CPU
		{10ED741A-B605-83D7-DBCD-CA33205A9960}.Debug|Any CPU.Build.0 = Debug|Any CPU
		{10ED741A-B605-83D7-DBCD-CA33205A9960}.Release|Any CPU.ActiveCfg = Release|Any CPU
		{10ED741A-B605-83D7-DBCD-CA33205A9960}.Release|Any CPU.Build.0 = Release|Any CPU
		{843DF645-522E-9276-34B3-316990EA30C4}.Debug|Any CPU.ActiveCfg = Debug|Any CPU
		{843DF645-522E-9276-34B3-316990EA30C4}.Debug|Any CPU.Build.0 = Debug|Any CPU
		{843DF645-522E-9276-34B3-316990EA30C4}.Release|Any CPU.ActiveCfg = Release|Any CPU
		{843DF645-522E-9276-34B3-316990EA30C4}.Release|Any CPU.Build.0 = Release|Any CPU
	EndGlobalSection
	GlobalSection(SolutionProperties) = preSolution
		HideSolutionNode = FALSE
	EndGlobalSection
	GlobalSection(NestedProjects) = preSolution
		{500F7214-44D3-46D2-9585-235770D25032} = {1B59A36D-0754-456B-B35F-1959C2F3EC04}
		{F6F89E9F-8925-4E1E-AB98-8241ABDCF434} = {500F7214-44D3-46D2-9585-235770D25032}
		{3FD1F17C-A786-4600-9B12-AB8D77EB812B} = {500F7214-44D3-46D2-9585-235770D25032}
		{DCB68EF5-DDB4-4500-A98A-83FF4DCF214B} = {1B59A36D-0754-456B-B35F-1959C2F3EC04}
		{A9759006-E335-402C-A409-22E5945CCA99} = {DCB68EF5-DDB4-4500-A98A-83FF4DCF214B}
		{7798BB6D-41E1-465B-A25C-8CF00755F006} = {DCB68EF5-DDB4-4500-A98A-83FF4DCF214B}
		{7EABB929-D3AD-4270-B81D-E7387CEA5399} = {DCB68EF5-DDB4-4500-A98A-83FF4DCF214B}
		{86E6AC1B-22CB-40CB-9A41-7A4A2D1C472F} = {1B59A36D-0754-456B-B35F-1959C2F3EC04}
		{1F13FB85-3985-48EC-83BC-5335A83A21D5} = {86E6AC1B-22CB-40CB-9A41-7A4A2D1C472F}
		{A3F0CD36-F523-491E-8812-79CF323D79B8} = {86E6AC1B-22CB-40CB-9A41-7A4A2D1C472F}
		{FF87119D-5F08-47BE-882E-D6B803AFEAF9} = {86E6AC1B-22CB-40CB-9A41-7A4A2D1C472F}
		{A6BDA269-8FF6-4A3D-8721-0C41E5C36470} = {86E6AC1B-22CB-40CB-9A41-7A4A2D1C472F}
		{B65C5B2E-3A8A-4768-BE61-20031AEEE82D} = {86E6AC1B-22CB-40CB-9A41-7A4A2D1C472F}
		{A6047DFC-88CA-46B9-9525-A8A41599413D} = {86E6AC1B-22CB-40CB-9A41-7A4A2D1C472F}
		{B190E325-924D-4F7D-AA20-AA1495EE9670} = {86E6AC1B-22CB-40CB-9A41-7A4A2D1C472F}
		{B515478D-D22C-42D9-ADDC-631818AFEE73} = {86E6AC1B-22CB-40CB-9A41-7A4A2D1C472F}
		{52B08F0F-548E-4971-8732-0FD29B4B08D9} = {86E6AC1B-22CB-40CB-9A41-7A4A2D1C472F}
		{6C4333B9-9210-4FB4-83D3-48CC0B15717E} = {86E6AC1B-22CB-40CB-9A41-7A4A2D1C472F}
		{F350630A-9B40-4312-B56F-1CFFED51099C} = {86E6AC1B-22CB-40CB-9A41-7A4A2D1C472F}
		{3AFD493E-D5E9-434A-AC19-03A5C2681F08} = {86E6AC1B-22CB-40CB-9A41-7A4A2D1C472F}
		{70D43D5A-9B35-482E-8771-49913224C594} = {86E6AC1B-22CB-40CB-9A41-7A4A2D1C472F}
		{4667D5BA-520F-4D9E-A277-7B24B05B7BEC} = {86E6AC1B-22CB-40CB-9A41-7A4A2D1C472F}
		{3F517AF6-FABD-4C86-856E-2BA95DB1B71E} = {86E6AC1B-22CB-40CB-9A41-7A4A2D1C472F}
		{A2950621-380C-4C30-BCB5-A297E9D75AB4} = {86E6AC1B-22CB-40CB-9A41-7A4A2D1C472F}
		{B94A8180-08DC-405D-9A33-84185B7B8B79} = {86E6AC1B-22CB-40CB-9A41-7A4A2D1C472F}
		{2F9EC201-24DE-477C-8205-7C8D3140E2E4} = {1B59A36D-0754-456B-B35F-1959C2F3EC04}
		{DAC4DF39-8F45-4C80-AEB3-5BE1782369A8} = {2F9EC201-24DE-477C-8205-7C8D3140E2E4}
		{76A8E3C0-E8CB-4252-ABB3-E7397BACC0E1} = {1B59A36D-0754-456B-B35F-1959C2F3EC04}
		{A8FC3A4D-ECC0-4340-A2F9-310DBC65A3F3} = {1B59A36D-0754-456B-B35F-1959C2F3EC04}
		{839B8872-458E-4707-A9F1-9C81CE55D3C2} = {1B59A36D-0754-456B-B35F-1959C2F3EC04}
		{EDF5150D-4830-4C97-8A21-BA8B947E3EBD} = {839B8872-458E-4707-A9F1-9C81CE55D3C2}
		{69650BB6-4AFC-4F12-BBA3-9C23E5916FDA} = {1B59A36D-0754-456B-B35F-1959C2F3EC04}
		{2F8F3E96-A34F-4882-9496-6374618D098D} = {69650BB6-4AFC-4F12-BBA3-9C23E5916FDA}
		{7D4742DA-44E0-4C50-8E7B-B57253CEE050} = {2F8F3E96-A34F-4882-9496-6374618D098D}
		{056950E9-DD91-4D90-B0B2-5B9F0D5155B5} = {2F8F3E96-A34F-4882-9496-6374618D098D}
		{7A991F4D-AC87-4F57-98D8-1B6EC7B3D631} = {2F8F3E96-A34F-4882-9496-6374618D098D}
		{B23A3B6E-3B56-403D-83F5-8BBCA663C9D3} = {2F8F3E96-A34F-4882-9496-6374618D098D}
		{481DD6BE-0E58-4792-90C3-7DD45DA04ADA} = {2F8F3E96-A34F-4882-9496-6374618D098D}
		{EAAE6433-A787-4F27-9156-DE6D4761F9B7} = {2F8F3E96-A34F-4882-9496-6374618D098D}
		{FB23E28D-5AD2-422B-8D6A-4E5E33B809A0} = {2F8F3E96-A34F-4882-9496-6374618D098D}
		{1728A939-A89A-411B-BF8B-B16644283F5A} = {2F8F3E96-A34F-4882-9496-6374618D098D}
		{13EFB6E4-8765-41F1-A62A-25C271B7A106} = {2F8F3E96-A34F-4882-9496-6374618D098D}
		{07CD543C-B16C-4250-B09A-A5CC746FF061} = {2F8F3E96-A34F-4882-9496-6374618D098D}
		{177B6A1C-9DC2-4E52-99FC-1D9811143762} = {2F8F3E96-A34F-4882-9496-6374618D098D}
		{B4990914-245C-4790-8CD0-4DFE0F8C6D42} = {69650BB6-4AFC-4F12-BBA3-9C23E5916FDA}
		{BF6EF218-A3A7-4C94-BF6A-B192002B685F} = {B4990914-245C-4790-8CD0-4DFE0F8C6D42}
		{26BDED3C-97D5-437D-83C0-51AE3B31A6B7} = {B4990914-245C-4790-8CD0-4DFE0F8C6D42}
		{724A39D7-D9FD-4837-B462-69A4CE733546} = {B4990914-245C-4790-8CD0-4DFE0F8C6D42}
		{819D035D-FD37-4BE0-B8E5-7F96995F6D15} = {B4990914-245C-4790-8CD0-4DFE0F8C6D42}
		{0F56130E-5D5C-4845-A1F5-BCFD8C4426DE} = {B4990914-245C-4790-8CD0-4DFE0F8C6D42}
		{2549339E-B65C-480D-B943-9D842FE6345C} = {B4990914-245C-4790-8CD0-4DFE0F8C6D42}
		{7484A1E6-C89D-47DF-9C52-FC1A81A20C0A} = {86E6AC1B-22CB-40CB-9A41-7A4A2D1C472F}
		{34F6F04C-82CC-42CD-BAA9-DAA121802B19} = {86E6AC1B-22CB-40CB-9A41-7A4A2D1C472F}
		{476344CA-A960-4CEF-9708-72A58D6E73AB} = {86E6AC1B-22CB-40CB-9A41-7A4A2D1C472F}
		{A81B29B6-59EF-4167-A91A-7AF54B9AEEE7} = {86E6AC1B-22CB-40CB-9A41-7A4A2D1C472F}
		{BFF46B0B-A592-48C9-9FAC-5DA07EBA4E2B} = {76A8E3C0-E8CB-4252-ABB3-E7397BACC0E1}
		{E4C6183D-D95A-4F03-869D-A78E2DDBD278} = {86E6AC1B-22CB-40CB-9A41-7A4A2D1C472F}
		{71615252-787C-4A20-93DB-9204A8F27574} = {86E6AC1B-22CB-40CB-9A41-7A4A2D1C472F}
		{86662A4E-BA46-4578-0003-356696F68F92} = {86E6AC1B-22CB-40CB-9A41-7A4A2D1C472F}
		{81953C4F-430C-0822-3754-48020F4C8262} = {DCB68EF5-DDB4-4500-A98A-83FF4DCF214B}
		{04AB9E59-4E6B-4768-B764-BE5979515D7D} = {86E6AC1B-22CB-40CB-9A41-7A4A2D1C472F}
		{64E4BE10-F888-413D-AB52-557C6E7FB4DB} = {DCB68EF5-DDB4-4500-A98A-83FF4DCF214B}
		{37E31984-FAB4-EC8E-643A-D12D29F5FFB8} = {86E6AC1B-22CB-40CB-9A41-7A4A2D1C472F}
		{DFAB9861-3EB4-4B5C-B771-DC52B3E41DE0} = {500F7214-44D3-46D2-9585-235770D25032}
		{02EA681E-C7D8-13C7-8484-4AC65E1B71E8} = {1B59A36D-0754-456B-B35F-1959C2F3EC04}
		{CE74E7CB-9C4D-0067-2131-D95058C2DC3C} = {02EA681E-C7D8-13C7-8484-4AC65E1B71E8}
		{31B2F86C-D817-4BA6-1403-1D85E91A095D} = {02EA681E-C7D8-13C7-8484-4AC65E1B71E8}
		{D0643C7B-956E-FE74-0AE0-D1BE8B79DE03} = {02EA681E-C7D8-13C7-8484-4AC65E1B71E8}
		{34B47F76-75CB-9A06-CA4F-120F27B158C6} = {02EA681E-C7D8-13C7-8484-4AC65E1B71E8}
		{6229C21C-6D70-1032-28BC-133D76232D58} = {02EA681E-C7D8-13C7-8484-4AC65E1B71E8}
		{90277AAC-20A2-6E3D-E777-523F529AF231} = {02EA681E-C7D8-13C7-8484-4AC65E1B71E8}
		{DA68AE9D-79CD-EB12-703D-1C978330283E} = {02EA681E-C7D8-13C7-8484-4AC65E1B71E8}
		{77DD2A31-4731-8A06-ACC5-A3E086C92B08} = {02EA681E-C7D8-13C7-8484-4AC65E1B71E8}
		{F6E017A7-71D6-E9D5-39F7-07415F586583} = {02EA681E-C7D8-13C7-8484-4AC65E1B71E8}
		{10ED741A-B605-83D7-DBCD-CA33205A9960} = {500F7214-44D3-46D2-9585-235770D25032}
		{843DF645-522E-9276-34B3-316990EA30C4} = {500F7214-44D3-46D2-9585-235770D25032}
	EndGlobalSection
	GlobalSection(ExtensibilityGlobals) = postSolution
		SolutionGuid = {07707E2A-0874-4EB4-A336-C7FEA6E5448E}
	EndGlobalSection
	GlobalSection(SharedMSBuildProjectFiles) = preSolution
		src\Plato.Intrinsics\Plato.Intrinsics.projitems*{1f13fb85-3985-48ec-83bc-5335a83a21d5}*SharedItemsImports = 13
		src\Plato.Generated\Plato.Generated.projitems*{34f6f04c-82cc-42cd-baa9-daa121802b19}*SharedItemsImports = 13
		src\Plato.Generated\Plato.Generated.projitems*{7484a1e6-c89d-47df-9c52-fc1a81a20c0a}*SharedItemsImports = 5
		src\Plato.Intrinsics\Plato.Intrinsics.projitems*{7484a1e6-c89d-47df-9c52-fc1a81a20c0a}*SharedItemsImports = 5
	EndGlobalSection
EndGlobal
