
Microsoft Visual Studio Solution File, Format Version 12.00
# Visual Studio Version 17
VisualStudioVersion = 17.12.35707.178
MinimumVisualStudioVersion = 10.0.40219.1
Project("{2150E333-8FDC-42A3-9474-1A3956D46DE8}") = "examples", "examples", "{AC19DFB6-CDE9-4C8D-A9A3-451D8E44F532}"
EndProject
Project("{FAE04EC0-301F-11D3-BF4B-00C04F79EFBC}") = "Ara3D.Studio.Samples", "examples\Ara3D.Studio.Examples\Ara3D.Studio.Samples.csproj", "{FF224D62-CD82-4053-90CC-98C6C498BF3F}"
EndProject
Project("{2150E333-8FDC-42A3-9474-1A3956D46DE8}") = "ext", "ext", "{02EA681E-C7D8-13C7-8484-4AC65E1B71E8}"
EndProject
Project("{FAE04EC0-301F-11D3-BF4B-00C04F79EFBC}") = "Ara3D.Utils.Wpf", "ext\Ara3D.Utils.Wpf\Ara3D.Utils.Wpf.csproj", "{7052F22A-81CF-0163-2106-1A4FFB0B03C1}"
EndProject
Project("{FAE04EC0-301F-11D3-BF4B-00C04F79EFBC}") = "Ara3D.Extras", "ext\Ara3D.Extras\Ara3D.Extras.csproj", "{261A06F0-B745-DC64-D710-735BA354E642}"
EndProject
Project("{FAE04EC0-301F-11D3-BF4B-00C04F79EFBC}") = "Ara3D.Bowerbird.RevitSamples", "ext\Ara3D.Bowerbird.RevitSamples\Ara3D.Bowerbird.RevitSamples.csproj", "{816F822A-240C-E60E-25A4-D653F53557D4}"
EndProject
Project("{FAE04EC0-301F-11D3-BF4B-00C04F79EFBC}") = "Ara3D.Bowerbird.Revit2025", "ext\Ara3D.Bowerbird.Revit2025\Ara3D.Bowerbird.Revit2025.csproj", "{784BFCAA-259B-E4E7-5689-51EB8D47BFC4}"
EndProject
Project("{FAE04EC0-301F-11D3-BF4B-00C04F79EFBC}") = "Ara3D.Bowerbird.Demo", "ext\Ara3D.Bowerbird.Demo\Ara3D.Bowerbird.Demo.csproj", "{337AE4C2-5A08-E931-BEAF-A9B71EEC532D}"
EndProject
Project("{FAE04EC0-301F-11D3-BF4B-00C04F79EFBC}") = "Ara3D.Bowerbird", "ext\Ara3D.Bowerbird\Ara3D.Bowerbird.csproj", "{E1943267-ABA0-33A8-9126-F16C27A1B168}"
EndProject
Project("{FAE04EC0-301F-11D3-BF4B-00C04F79EFBC}") = "Ara3D.BIMOpenSchema.Revit2025", "ext\Ara3D.BIMOpenSchema.Revit2025\Ara3D.BIMOpenSchema.Revit2025.csproj", "{0C2554C0-804F-C41E-00B3-F39B14F88089}"
EndProject
Project("{FAE04EC0-301F-11D3-BF4B-00C04F79EFBC}") = "Ara3D.BimOpenSchema.IO", "ext\Ara3D.BimOpenSchema.IO\Ara3D.BimOpenSchema.IO.csproj", "{8385A470-20C8-2C6E-171F-6EF474123B3B}"
EndProject
Project("{FAE04EC0-301F-11D3-BF4B-00C04F79EFBC}") = "Ara3D.BimOpenSchema.Browser", "ext\Ara3D.BimOpenSchema.Browser\Ara3D.BimOpenSchema.Browser.csproj", "{5A2BCA1B-684A-4152-0099-3CADC29CBF9F}"
EndProject
Project("{2150E333-8FDC-42A3-9474-1A3956D46DE8}") = "src", "src", "{7BDC1E3F-79D5-43AA-8F9B-3DDF02FF57D5}"
EndProject
Project("{D954291E-2A0B-460D-934E-DC6B0785DB48}") = "Plato.Intrinsics", "src\Plato.Intrinsics\Plato.Intrinsics.shproj", "{1F13FB85-3985-48EC-83BC-5335A83A21D5}"
EndProject
Project("{D954291E-2A0B-460D-934E-DC6B0785DB48}") = "Plato.Generated", "src\Plato.Generated\Plato.Generated.shproj", "{34F6F04C-82CC-42CD-BAA9-DAA121802B19}"
EndProject
Project("{FAE04EC0-301F-11D3-BF4B-00C04F79EFBC}") = "Ara3D.WorkItems", "src\Ara3D.WorkItems\Ara3D.WorkItems.csproj", "{09BF7DFE-3E94-331F-9F57-397B4F114D57}"
EndProject
Project("{FAE04EC0-301F-11D3-BF4B-00C04F79EFBC}") = "Ara3D.Utils.Roslyn", "src\Ara3D.Utils.Roslyn\Ara3D.Utils.Roslyn.csproj", "{5FB61BA1-02CF-BEC4-820A-73DDBA872FBB}"
EndProject
Project("{FAE04EC0-301F-11D3-BF4B-00C04F79EFBC}") = "Ara3D.Utils", "src\Ara3D.Utils\Ara3D.Utils.csproj", "{47A015F7-7866-870C-ABCD-787EFA39E61D}"
EndProject
Project("{FAE04EC0-301F-11D3-BF4B-00C04F79EFBC}") = "Ara3D.Studio.API", "src\Ara3D.Studio.API\Ara3D.Studio.API.csproj", "{0DC21E78-9BE0-8D5C-FEE6-DF9C076AD8B7}"
EndProject
Project("{FAE04EC0-301F-11D3-BF4B-00C04F79EFBC}") = "Ara3D.Services", "src\Ara3D.Services\Ara3D.Services.csproj", "{7E02706D-CB28-DF38-63D1-40CD1204D07C}"
EndProject
Project("{FAE04EC0-301F-11D3-BF4B-00C04F79EFBC}") = "Ara3D.SDK", "src\Ara3D.SDK\Ara3D.SDK.csproj", "{5BC30A7C-17F6-1111-9348-A3709C28BF63}"
EndProject
Project("{FAE04EC0-301F-11D3-BF4B-00C04F79EFBC}") = "Ara3D.ScriptService", "src\Ara3D.ScriptService\Ara3D.ScriptService.csproj", "{956A342E-EAB4-90E7-6135-7617005969B3}"
EndProject
Project("{FAE04EC0-301F-11D3-BF4B-00C04F79EFBC}") = "Ara3D.PropKit", "src\Ara3D.PropKit\Ara3D.PropKit.csproj", "{6FAEEC57-E98B-47A9-39C8-EA99034F0703}"
EndProject
Project("{FAE04EC0-301F-11D3-BF4B-00C04F79EFBC}") = "Ara3D.Models", "src\Ara3D.Models\Ara3D.Models.csproj", "{E826767F-7AD1-5AD7-5DBF-592B47CFF751}"
EndProject
Project("{FAE04EC0-301F-11D3-BF4B-00C04F79EFBC}") = "Ara3D.MemoryMappedFiles", "src\Ara3D.MemoryMappedFiles\Ara3D.MemoryMappedFiles.csproj", "{6C72F967-49AF-ABC7-BF84-2E4D4AE1973F}"
EndProject
Project("{FAE04EC0-301F-11D3-BF4B-00C04F79EFBC}") = "Ara3D.Memory", "src\Ara3D.Memory\Ara3D.Memory.csproj", "{DE2F2E0D-7FA6-45BF-FCF8-F08D85C8FB77}"
EndProject
Project("{FAE04EC0-301F-11D3-BF4B-00C04F79EFBC}") = "Ara3D.Logging", "src\Ara3D.Logging\Ara3D.Logging.csproj", "{B99340A2-0063-904D-0CA5-5BCCADD68CD5}"
EndProject
Project("{FAE04EC0-301F-11D3-BF4B-00C04F79EFBC}") = "Ara3D.IO.VIM", "src\Ara3D.IO.VIM\Ara3D.IO.VIM.csproj", "{3B562805-64EB-1AF1-71BF-6F33F8292A19}"
EndProject
Project("{FAE04EC0-301F-11D3-BF4B-00C04F79EFBC}") = "Ara3D.IO.StepParser", "src\Ara3D.IO.StepParser\Ara3D.IO.StepParser.csproj", "{C0245D1C-5340-FE4C-32C0-31965CC8A8E3}"
EndProject
Project("{FAE04EC0-301F-11D3-BF4B-00C04F79EFBC}") = "Ara3D.IO.PLY", "src\Ara3D.IO.PLY\Ara3D.IO.PLY.csproj", "{7862FAFD-30DF-357B-0F98-7C39A17458D2}"
EndProject
Project("{FAE04EC0-301F-11D3-BF4B-00C04F79EFBC}") = "Ara3D.IO.GltfExporter", "src\Ara3D.IO.GltfExporter\Ara3D.IO.GltfExporter.csproj", "{4495403B-6FD5-B536-4BA1-082A9E7C3248}"
EndProject
Project("{FAE04EC0-301F-11D3-BF4B-00C04F79EFBC}") = "Ara3D.IO.GeoJson", "src\Ara3D.IO.GeoJson\Ara3D.IO.GeoJson.csproj", "{5DDE4702-FEE6-D6FE-6442-1042A4C3D6A5}"
EndProject
Project("{FAE04EC0-301F-11D3-BF4B-00C04F79EFBC}") = "Ara3D.IO.G3D", "src\Ara3D.IO.G3D\Ara3D.IO.G3D.csproj", "{1671AFAE-AE03-AD20-DE37-543030320421}"
EndProject
Project("{FAE04EC0-301F-11D3-BF4B-00C04F79EFBC}") = "Ara3D.IO.BFAST", "src\Ara3D.IO.BFAST\Ara3D.IO.BFAST.csproj", "{7352D493-3DA6-A060-08A6-B26D364F84BF}"
EndProject
Project("{FAE04EC0-301F-11D3-BF4B-00C04F79EFBC}") = "Ara3D.IO.A3D", "src\Ara3D.IO.A3D\Ara3D.IO.A3D.csproj", "{AE9D790B-A98D-D99A-A271-E2B746113DBA}"
EndProject
Project("{FAE04EC0-301F-11D3-BF4B-00C04F79EFBC}") = "Ara3D.Geometry", "src\Ara3D.Geometry\Ara3D.Geometry.csproj", "{35558D0B-EC80-DEFF-3021-8611920D48C5}"
EndProject
Project("{FAE04EC0-301F-11D3-BF4B-00C04F79EFBC}") = "Ara3D.Events", "src\Ara3D.Events\Ara3D.Events.csproj", "{A0A131B9-B1EA-9C47-CCD7-13F6F9D05226}"
EndProject
Project("{FAE04EC0-301F-11D3-BF4B-00C04F79EFBC}") = "Ara3D.Domo", "src\Ara3D.Domo\Ara3D.Domo.csproj", "{51EBFAD5-5438-2ABF-7ADA-977ED7D09D48}"
EndProject
Project("{FAE04EC0-301F-11D3-BF4B-00C04F79EFBC}") = "Ara3D.DataTable", "src\Ara3D.DataTable\Ara3D.DataTable.csproj", "{72F22BF7-1BCD-8D02-7569-4A0F7CB7E9D1}"
EndProject
Project("{FAE04EC0-301F-11D3-BF4B-00C04F79EFBC}") = "Ara3D.Collections", "src\Ara3D.Collections\Ara3D.Collections.csproj", "{A5C475A9-7088-0DEA-D541-CD4F824A639C}"
EndProject
Project("{FAE04EC0-301F-11D3-BF4B-00C04F79EFBC}") = "Ara3D.BimOpenSchema", "src\Ara3D.BimOpenSchema\Ara3D.BimOpenSchema.csproj", "{D7466C15-7C11-DDE9-2C51-09F0AC3E0005}"
EndProject
Project("{2150E333-8FDC-42A3-9474-1A3956D46DE8}") = "toolchain", "toolchain", "{5BE1358A-B01C-4A9A-A4A1-0C032AA53277}"
EndProject
Project("{2150E333-8FDC-42A3-9474-1A3956D46DE8}") = "Plato", "Plato", "{5D8A47E9-746E-4D9E-806F-DD734D5155C2}"
EndProject
Project("{FAE04EC0-301F-11D3-BF4B-00C04F79EFBC}") = "PlatoWinFormsEditor", "toolchain\Plato\PlatoWinFormsEditor\PlatoWinFormsEditor.csproj", "{924CCACA-A9BD-FE6D-B89A-D206E4833A43}"
EndProject
Project("{FAE04EC0-301F-11D3-BF4B-00C04F79EFBC}") = "PlatoVSIX", "toolchain\Plato\PlatoVSIX\PlatoVSIX.csproj", "{056950E9-DD91-4D90-B0B2-5B9F0D5155B5}"
EndProject
Project("{FAE04EC0-301F-11D3-BF4B-00C04F79EFBC}") = "PlatoTypeInference", "toolchain\Plato\PlatoTypeInference\PlatoTypeInference.csproj", "{163A4B3A-345E-8BEE-5006-B6B6FCC4A8FC}"
EndProject
Project("{FAE04EC0-301F-11D3-BF4B-00C04F79EFBC}") = "PlatoTests", "toolchain\Plato\PlatoTests\PlatoTests.csproj", "{3323D7DA-1563-4358-552E-FAB9E6EBB826}"
EndProject
Project("{FAE04EC0-301F-11D3-BF4B-00C04F79EFBC}") = "PlatoStandardLibrary", "toolchain\Plato\PlatoStandardLibrary\PlatoStandardLibrary.csproj", "{265E8C76-BE05-5EBC-84C2-E37466BB710C}"
EndProject
Project("{FAE04EC0-301F-11D3-BF4B-00C04F79EFBC}") = "PlatoOutput", "toolchain\Plato\PlatoOutput\PlatoOutput.csproj", "{8825F3E5-A772-4368-A960-C8AB403CFE5F}"
EndProject
Project("{FAE04EC0-301F-11D3-BF4B-00C04F79EFBC}") = "Plato.Compiler", "toolchain\Plato\PlatoCompiler\Plato.Compiler.csproj", "{544C3048-A564-0694-E753-62E6188BA2A6}"
EndProject
Project("{FAE04EC0-301F-11D3-BF4B-00C04F79EFBC}") = "Plato.Parser", "toolchain\Plato\Plato.Parser\Plato.Parser.csproj", "{CD962A42-457C-7C34-B4DF-625E562B2D74}"
EndProject
Project("{FAE04EC0-301F-11D3-BF4B-00C04F79EFBC}") = "Plato.CSharpWriter", "toolchain\Plato\Plato.CSharpWriter\Plato.CSharpWriter.csproj", "{E34443B4-2BA8-3638-8A8A-B81568CFC78A}"
EndProject
Project("{FAE04EC0-301F-11D3-BF4B-00C04F79EFBC}") = "Plato.CLI", "toolchain\Plato\Plato.CLI\Plato.CLI.csproj", "{4902101E-C022-87E1-A2F7-9D50027E4288}"
EndProject
Project("{FAE04EC0-301F-11D3-BF4B-00C04F79EFBC}") = "Plato.AST", "toolchain\Plato\Plato.AST\Plato.AST.csproj", "{F3B9317E-1B59-C61C-D78F-D34903AEE045}"
EndProject
Project("{2150E333-8FDC-42A3-9474-1A3956D46DE8}") = "parakeet", "parakeet", "{CD69D2D4-0235-495E-AEE2-654BEE9288E6}"
EndProject
Project("{FAE04EC0-301F-11D3-BF4B-00C04F79EFBC}") = "Ara3D.Parakeet.Tests", "toolchain\parakeet\Parakeet.Tests\Ara3D.Parakeet.Tests.csproj", "{77F390CB-AC1F-53A6-7379-0ABF7F075561}"
EndProject
Project("{FAE04EC0-301F-11D3-BF4B-00C04F79EFBC}") = "Ara3D.Parakeet.Parsers", "toolchain\parakeet\Parakeet.Parsers\Ara3D.Parakeet.Parsers.csproj", "{1FB3A9FE-281F-FBF3-976B-9618EA63AD05}"
EndProject
Project("{FAE04EC0-301F-11D3-BF4B-00C04F79EFBC}") = "Ara3D.Parakeet.Grammars", "toolchain\parakeet\Parakeet.Grammars\Ara3D.Parakeet.Grammars.csproj", "{4A96A379-4F8E-A752-2945-1B6F4C1B7CA1}"
EndProject
Project("{FAE04EC0-301F-11D3-BF4B-00C04F79EFBC}") = "Ara3D.Parakeet.Cst", "toolchain\parakeet\Parakeet.Cst\Ara3D.Parakeet.Cst.csproj", "{79B80F68-55CB-3774-9D00-7B3EAFEAF020}"
EndProject
Project("{FAE04EC0-301F-11D3-BF4B-00C04F79EFBC}") = "Ara3D.Parakeet.ConsoleApp", "toolchain\parakeet\Parakeet.Console\Ara3D.Parakeet.ConsoleApp.csproj", "{92940713-C7ED-53D4-13E5-9AFAFA90FA5A}"
EndProject
Project("{FAE04EC0-301F-11D3-BF4B-00C04F79EFBC}") = "Ara3D.Parakeet", "toolchain\parakeet\Parakeet\Ara3D.Parakeet.csproj", "{B0BD258A-9D85-D45F-B3BF-E1E438FDD523}"
EndProject
Global
	GlobalSection(SolutionConfigurationPlatforms) = preSolution
		Debug|Any CPU = Debug|Any CPU
		Debug|x86 = Debug|x86
		Release|Any CPU = Release|Any CPU
		Release|x86 = Release|x86
	EndGlobalSection
	GlobalSection(ProjectConfigurationPlatforms) = postSolution
		{FF224D62-CD82-4053-90CC-98C6C498BF3F}.Debug|Any CPU.ActiveCfg = Debug|Any CPU
		{FF224D62-CD82-4053-90CC-98C6C498BF3F}.Debug|Any CPU.Build.0 = Debug|Any CPU
		{FF224D62-CD82-4053-90CC-98C6C498BF3F}.Debug|x86.ActiveCfg = Debug|Any CPU
		{FF224D62-CD82-4053-90CC-98C6C498BF3F}.Debug|x86.Build.0 = Debug|Any CPU
		{FF224D62-CD82-4053-90CC-98C6C498BF3F}.Release|Any CPU.ActiveCfg = Release|Any CPU
		{FF224D62-CD82-4053-90CC-98C6C498BF3F}.Release|Any CPU.Build.0 = Release|Any CPU
		{FF224D62-CD82-4053-90CC-98C6C498BF3F}.Release|x86.ActiveCfg = Release|Any CPU
		{FF224D62-CD82-4053-90CC-98C6C498BF3F}.Release|x86.Build.0 = Release|Any CPU
		{7052F22A-81CF-0163-2106-1A4FFB0B03C1}.Debug|Any CPU.ActiveCfg = Debug|Any CPU
		{7052F22A-81CF-0163-2106-1A4FFB0B03C1}.Debug|Any CPU.Build.0 = Debug|Any CPU
		{7052F22A-81CF-0163-2106-1A4FFB0B03C1}.Debug|x86.ActiveCfg = Debug|Any CPU
		{7052F22A-81CF-0163-2106-1A4FFB0B03C1}.Debug|x86.Build.0 = Debug|Any CPU
		{7052F22A-81CF-0163-2106-1A4FFB0B03C1}.Release|Any CPU.ActiveCfg = Release|Any CPU
		{7052F22A-81CF-0163-2106-1A4FFB0B03C1}.Release|Any CPU.Build.0 = Release|Any CPU
		{7052F22A-81CF-0163-2106-1A4FFB0B03C1}.Release|x86.ActiveCfg = Release|Any CPU
		{7052F22A-81CF-0163-2106-1A4FFB0B03C1}.Release|x86.Build.0 = Release|Any CPU
		{261A06F0-B745-DC64-D710-735BA354E642}.Debug|Any CPU.ActiveCfg = Debug|Any CPU
		{261A06F0-B745-DC64-D710-735BA354E642}.Debug|Any CPU.Build.0 = Debug|Any CPU
		{261A06F0-B745-DC64-D710-735BA354E642}.Debug|x86.ActiveCfg = Debug|Any CPU
		{261A06F0-B745-DC64-D710-735BA354E642}.Debug|x86.Build.0 = Debug|Any CPU
		{261A06F0-B745-DC64-D710-735BA354E642}.Release|Any CPU.ActiveCfg = Release|Any CPU
		{261A06F0-B745-DC64-D710-735BA354E642}.Release|Any CPU.Build.0 = Release|Any CPU
		{261A06F0-B745-DC64-D710-735BA354E642}.Release|x86.ActiveCfg = Release|Any CPU
		{261A06F0-B745-DC64-D710-735BA354E642}.Release|x86.Build.0 = Release|Any CPU
		{816F822A-240C-E60E-25A4-D653F53557D4}.Debug|Any CPU.ActiveCfg = Debug|Any CPU
		{816F822A-240C-E60E-25A4-D653F53557D4}.Debug|Any CPU.Build.0 = Debug|Any CPU
		{816F822A-240C-E60E-25A4-D653F53557D4}.Debug|x86.ActiveCfg = Debug|Any CPU
		{816F822A-240C-E60E-25A4-D653F53557D4}.Debug|x86.Build.0 = Debug|Any CPU
		{816F822A-240C-E60E-25A4-D653F53557D4}.Release|Any CPU.ActiveCfg = Release|Any CPU
		{816F822A-240C-E60E-25A4-D653F53557D4}.Release|Any CPU.Build.0 = Release|Any CPU
		{816F822A-240C-E60E-25A4-D653F53557D4}.Release|x86.ActiveCfg = Release|Any CPU
		{816F822A-240C-E60E-25A4-D653F53557D4}.Release|x86.Build.0 = Release|Any CPU
		{784BFCAA-259B-E4E7-5689-51EB8D47BFC4}.Debug|Any CPU.ActiveCfg = Debug|Any CPU
		{784BFCAA-259B-E4E7-5689-51EB8D47BFC4}.Debug|Any CPU.Build.0 = Debug|Any CPU
		{784BFCAA-259B-E4E7-5689-51EB8D47BFC4}.Debug|x86.ActiveCfg = Debug|Any CPU
		{784BFCAA-259B-E4E7-5689-51EB8D47BFC4}.Debug|x86.Build.0 = Debug|Any CPU
		{784BFCAA-259B-E4E7-5689-51EB8D47BFC4}.Release|Any CPU.ActiveCfg = Release|Any CPU
		{784BFCAA-259B-E4E7-5689-51EB8D47BFC4}.Release|Any CPU.Build.0 = Release|Any CPU
		{784BFCAA-259B-E4E7-5689-51EB8D47BFC4}.Release|x86.ActiveCfg = Release|Any CPU
		{784BFCAA-259B-E4E7-5689-51EB8D47BFC4}.Release|x86.Build.0 = Release|Any CPU
		{337AE4C2-5A08-E931-BEAF-A9B71EEC532D}.Debug|Any CPU.ActiveCfg = Debug|Any CPU
		{337AE4C2-5A08-E931-BEAF-A9B71EEC532D}.Debug|Any CPU.Build.0 = Debug|Any CPU
		{337AE4C2-5A08-E931-BEAF-A9B71EEC532D}.Debug|x86.ActiveCfg = Debug|Any CPU
		{337AE4C2-5A08-E931-BEAF-A9B71EEC532D}.Debug|x86.Build.0 = Debug|Any CPU
		{337AE4C2-5A08-E931-BEAF-A9B71EEC532D}.Release|Any CPU.ActiveCfg = Release|Any CPU
		{337AE4C2-5A08-E931-BEAF-A9B71EEC532D}.Release|Any CPU.Build.0 = Release|Any CPU
		{337AE4C2-5A08-E931-BEAF-A9B71EEC532D}.Release|x86.ActiveCfg = Release|Any CPU
		{337AE4C2-5A08-E931-BEAF-A9B71EEC532D}.Release|x86.Build.0 = Release|Any CPU
		{E1943267-ABA0-33A8-9126-F16C27A1B168}.Debug|Any CPU.ActiveCfg = Debug|Any CPU
		{E1943267-ABA0-33A8-9126-F16C27A1B168}.Debug|Any CPU.Build.0 = Debug|Any CPU
		{E1943267-ABA0-33A8-9126-F16C27A1B168}.Debug|x86.ActiveCfg = Debug|Any CPU
		{E1943267-ABA0-33A8-9126-F16C27A1B168}.Debug|x86.Build.0 = Debug|Any CPU
		{E1943267-ABA0-33A8-9126-F16C27A1B168}.Release|Any CPU.ActiveCfg = Release|Any CPU
		{E1943267-ABA0-33A8-9126-F16C27A1B168}.Release|Any CPU.Build.0 = Release|Any CPU
		{E1943267-ABA0-33A8-9126-F16C27A1B168}.Release|x86.ActiveCfg = Release|Any CPU
		{E1943267-ABA0-33A8-9126-F16C27A1B168}.Release|x86.Build.0 = Release|Any CPU
		{0C2554C0-804F-C41E-00B3-F39B14F88089}.Debug|Any CPU.ActiveCfg = Debug|Any CPU
		{0C2554C0-804F-C41E-00B3-F39B14F88089}.Debug|Any CPU.Build.0 = Debug|Any CPU
		{0C2554C0-804F-C41E-00B3-F39B14F88089}.Debug|x86.ActiveCfg = Debug|Any CPU
		{0C2554C0-804F-C41E-00B3-F39B14F88089}.Debug|x86.Build.0 = Debug|Any CPU
		{0C2554C0-804F-C41E-00B3-F39B14F88089}.Release|Any CPU.ActiveCfg = Release|Any CPU
		{0C2554C0-804F-C41E-00B3-F39B14F88089}.Release|Any CPU.Build.0 = Release|Any CPU
		{0C2554C0-804F-C41E-00B3-F39B14F88089}.Release|x86.ActiveCfg = Release|Any CPU
		{0C2554C0-804F-C41E-00B3-F39B14F88089}.Release|x86.Build.0 = Release|Any CPU
		{8385A470-20C8-2C6E-171F-6EF474123B3B}.Debug|Any CPU.ActiveCfg = Debug|Any CPU
		{8385A470-20C8-2C6E-171F-6EF474123B3B}.Debug|Any CPU.Build.0 = Debug|Any CPU
		{8385A470-20C8-2C6E-171F-6EF474123B3B}.Debug|x86.ActiveCfg = Debug|Any CPU
		{8385A470-20C8-2C6E-171F-6EF474123B3B}.Debug|x86.Build.0 = Debug|Any CPU
		{8385A470-20C8-2C6E-171F-6EF474123B3B}.Release|Any CPU.ActiveCfg = Release|Any CPU
		{8385A470-20C8-2C6E-171F-6EF474123B3B}.Release|Any CPU.Build.0 = Release|Any CPU
		{8385A470-20C8-2C6E-171F-6EF474123B3B}.Release|x86.ActiveCfg = Release|Any CPU
		{8385A470-20C8-2C6E-171F-6EF474123B3B}.Release|x86.Build.0 = Release|Any CPU
		{5A2BCA1B-684A-4152-0099-3CADC29CBF9F}.Debug|Any CPU.ActiveCfg = Debug|Any CPU
		{5A2BCA1B-684A-4152-0099-3CADC29CBF9F}.Debug|Any CPU.Build.0 = Debug|Any CPU
		{5A2BCA1B-684A-4152-0099-3CADC29CBF9F}.Debug|x86.ActiveCfg = Debug|Any CPU
		{5A2BCA1B-684A-4152-0099-3CADC29CBF9F}.Debug|x86.Build.0 = Debug|Any CPU
		{5A2BCA1B-684A-4152-0099-3CADC29CBF9F}.Release|Any CPU.ActiveCfg = Release|Any CPU
		{5A2BCA1B-684A-4152-0099-3CADC29CBF9F}.Release|Any CPU.Build.0 = Release|Any CPU
		{5A2BCA1B-684A-4152-0099-3CADC29CBF9F}.Release|x86.ActiveCfg = Release|Any CPU
		{5A2BCA1B-684A-4152-0099-3CADC29CBF9F}.Release|x86.Build.0 = Release|Any CPU
		{09BF7DFE-3E94-331F-9F57-397B4F114D57}.Debug|Any CPU.ActiveCfg = Debug|Any CPU
		{09BF7DFE-3E94-331F-9F57-397B4F114D57}.Debug|Any CPU.Build.0 = Debug|Any CPU
		{09BF7DFE-3E94-331F-9F57-397B4F114D57}.Debug|x86.ActiveCfg = Debug|Any CPU
		{09BF7DFE-3E94-331F-9F57-397B4F114D57}.Debug|x86.Build.0 = Debug|Any CPU
		{09BF7DFE-3E94-331F-9F57-397B4F114D57}.Release|Any CPU.ActiveCfg = Release|Any CPU
		{09BF7DFE-3E94-331F-9F57-397B4F114D57}.Release|Any CPU.Build.0 = Release|Any CPU
		{09BF7DFE-3E94-331F-9F57-397B4F114D57}.Release|x86.ActiveCfg = Release|Any CPU
		{09BF7DFE-3E94-331F-9F57-397B4F114D57}.Release|x86.Build.0 = Release|Any CPU
		{5FB61BA1-02CF-BEC4-820A-73DDBA872FBB}.Debug|Any CPU.ActiveCfg = Debug|Any CPU
		{5FB61BA1-02CF-BEC4-820A-73DDBA872FBB}.Debug|Any CPU.Build.0 = Debug|Any CPU
		{5FB61BA1-02CF-BEC4-820A-73DDBA872FBB}.Debug|x86.ActiveCfg = Debug|Any CPU
		{5FB61BA1-02CF-BEC4-820A-73DDBA872FBB}.Debug|x86.Build.0 = Debug|Any CPU
		{5FB61BA1-02CF-BEC4-820A-73DDBA872FBB}.Release|Any CPU.ActiveCfg = Release|Any CPU
		{5FB61BA1-02CF-BEC4-820A-73DDBA872FBB}.Release|Any CPU.Build.0 = Release|Any CPU
		{5FB61BA1-02CF-BEC4-820A-73DDBA872FBB}.Release|x86.ActiveCfg = Release|Any CPU
		{5FB61BA1-02CF-BEC4-820A-73DDBA872FBB}.Release|x86.Build.0 = Release|Any CPU
		{47A015F7-7866-870C-ABCD-787EFA39E61D}.Debug|Any CPU.ActiveCfg = Debug|Any CPU
		{47A015F7-7866-870C-ABCD-787EFA39E61D}.Debug|Any CPU.Build.0 = Debug|Any CPU
		{47A015F7-7866-870C-ABCD-787EFA39E61D}.Debug|x86.ActiveCfg = Debug|Any CPU
		{47A015F7-7866-870C-ABCD-787EFA39E61D}.Debug|x86.Build.0 = Debug|Any CPU
		{47A015F7-7866-870C-ABCD-787EFA39E61D}.Release|Any CPU.ActiveCfg = Release|Any CPU
		{47A015F7-7866-870C-ABCD-787EFA39E61D}.Release|Any CPU.Build.0 = Release|Any CPU
		{47A015F7-7866-870C-ABCD-787EFA39E61D}.Release|x86.ActiveCfg = Release|Any CPU
		{47A015F7-7866-870C-ABCD-787EFA39E61D}.Release|x86.Build.0 = Release|Any CPU
		{0DC21E78-9BE0-8D5C-FEE6-DF9C076AD8B7}.Debug|Any CPU.ActiveCfg = Debug|Any CPU
		{0DC21E78-9BE0-8D5C-FEE6-DF9C076AD8B7}.Debug|Any CPU.Build.0 = Debug|Any CPU
		{0DC21E78-9BE0-8D5C-FEE6-DF9C076AD8B7}.Debug|x86.ActiveCfg = Debug|Any CPU
		{0DC21E78-9BE0-8D5C-FEE6-DF9C076AD8B7}.Debug|x86.Build.0 = Debug|Any CPU
		{0DC21E78-9BE0-8D5C-FEE6-DF9C076AD8B7}.Release|Any CPU.ActiveCfg = Release|Any CPU
		{0DC21E78-9BE0-8D5C-FEE6-DF9C076AD8B7}.Release|Any CPU.Build.0 = Release|Any CPU
		{0DC21E78-9BE0-8D5C-FEE6-DF9C076AD8B7}.Release|x86.ActiveCfg = Release|Any CPU
		{0DC21E78-9BE0-8D5C-FEE6-DF9C076AD8B7}.Release|x86.Build.0 = Release|Any CPU
		{7E02706D-CB28-DF38-63D1-40CD1204D07C}.Debug|Any CPU.ActiveCfg = Debug|Any CPU
		{7E02706D-CB28-DF38-63D1-40CD1204D07C}.Debug|Any CPU.Build.0 = Debug|Any CPU
		{7E02706D-CB28-DF38-63D1-40CD1204D07C}.Debug|x86.ActiveCfg = Debug|Any CPU
		{7E02706D-CB28-DF38-63D1-40CD1204D07C}.Debug|x86.Build.0 = Debug|Any CPU
		{7E02706D-CB28-DF38-63D1-40CD1204D07C}.Release|Any CPU.ActiveCfg = Release|Any CPU
		{7E02706D-CB28-DF38-63D1-40CD1204D07C}.Release|Any CPU.Build.0 = Release|Any CPU
		{7E02706D-CB28-DF38-63D1-40CD1204D07C}.Release|x86.ActiveCfg = Release|Any CPU
		{7E02706D-CB28-DF38-63D1-40CD1204D07C}.Release|x86.Build.0 = Release|Any CPU
		{5BC30A7C-17F6-1111-9348-A3709C28BF63}.Debug|Any CPU.ActiveCfg = Debug|Any CPU
		{5BC30A7C-17F6-1111-9348-A3709C28BF63}.Debug|Any CPU.Build.0 = Debug|Any CPU
		{5BC30A7C-17F6-1111-9348-A3709C28BF63}.Debug|x86.ActiveCfg = Debug|Any CPU
		{5BC30A7C-17F6-1111-9348-A3709C28BF63}.Debug|x86.Build.0 = Debug|Any CPU
		{5BC30A7C-17F6-1111-9348-A3709C28BF63}.Release|Any CPU.ActiveCfg = Release|Any CPU
		{5BC30A7C-17F6-1111-9348-A3709C28BF63}.Release|Any CPU.Build.0 = Release|Any CPU
		{5BC30A7C-17F6-1111-9348-A3709C28BF63}.Release|x86.ActiveCfg = Release|Any CPU
		{5BC30A7C-17F6-1111-9348-A3709C28BF63}.Release|x86.Build.0 = Release|Any CPU
		{956A342E-EAB4-90E7-6135-7617005969B3}.Debug|Any CPU.ActiveCfg = Debug|Any CPU
		{956A342E-EAB4-90E7-6135-7617005969B3}.Debug|Any CPU.Build.0 = Debug|Any CPU
		{956A342E-EAB4-90E7-6135-7617005969B3}.Debug|x86.ActiveCfg = Debug|Any CPU
		{956A342E-EAB4-90E7-6135-7617005969B3}.Debug|x86.Build.0 = Debug|Any CPU
		{956A342E-EAB4-90E7-6135-7617005969B3}.Release|Any CPU.ActiveCfg = Release|Any CPU
		{956A342E-EAB4-90E7-6135-7617005969B3}.Release|Any CPU.Build.0 = Release|Any CPU
		{956A342E-EAB4-90E7-6135-7617005969B3}.Release|x86.ActiveCfg = Release|Any CPU
		{956A342E-EAB4-90E7-6135-7617005969B3}.Release|x86.Build.0 = Release|Any CPU
		{6FAEEC57-E98B-47A9-39C8-EA99034F0703}.Debug|Any CPU.ActiveCfg = Debug|Any CPU
		{6FAEEC57-E98B-47A9-39C8-EA99034F0703}.Debug|Any CPU.Build.0 = Debug|Any CPU
		{6FAEEC57-E98B-47A9-39C8-EA99034F0703}.Debug|x86.ActiveCfg = Debug|Any CPU
		{6FAEEC57-E98B-47A9-39C8-EA99034F0703}.Debug|x86.Build.0 = Debug|Any CPU
		{6FAEEC57-E98B-47A9-39C8-EA99034F0703}.Release|Any CPU.ActiveCfg = Release|Any CPU
		{6FAEEC57-E98B-47A9-39C8-EA99034F0703}.Release|Any CPU.Build.0 = Release|Any CPU
		{6FAEEC57-E98B-47A9-39C8-EA99034F0703}.Release|x86.ActiveCfg = Release|Any CPU
		{6FAEEC57-E98B-47A9-39C8-EA99034F0703}.Release|x86.Build.0 = Release|Any CPU
		{E826767F-7AD1-5AD7-5DBF-592B47CFF751}.Debug|Any CPU.ActiveCfg = Debug|Any CPU
		{E826767F-7AD1-5AD7-5DBF-592B47CFF751}.Debug|Any CPU.Build.0 = Debug|Any CPU
		{E826767F-7AD1-5AD7-5DBF-592B47CFF751}.Debug|x86.ActiveCfg = Debug|Any CPU
		{E826767F-7AD1-5AD7-5DBF-592B47CFF751}.Debug|x86.Build.0 = Debug|Any CPU
		{E826767F-7AD1-5AD7-5DBF-592B47CFF751}.Release|Any CPU.ActiveCfg = Release|Any CPU
		{E826767F-7AD1-5AD7-5DBF-592B47CFF751}.Release|Any CPU.Build.0 = Release|Any CPU
		{E826767F-7AD1-5AD7-5DBF-592B47CFF751}.Release|x86.ActiveCfg = Release|Any CPU
		{E826767F-7AD1-5AD7-5DBF-592B47CFF751}.Release|x86.Build.0 = Release|Any CPU
		{6C72F967-49AF-ABC7-BF84-2E4D4AE1973F}.Debug|Any CPU.ActiveCfg = Debug|Any CPU
		{6C72F967-49AF-ABC7-BF84-2E4D4AE1973F}.Debug|Any CPU.Build.0 = Debug|Any CPU
		{6C72F967-49AF-ABC7-BF84-2E4D4AE1973F}.Debug|x86.ActiveCfg = Debug|Any CPU
		{6C72F967-49AF-ABC7-BF84-2E4D4AE1973F}.Debug|x86.Build.0 = Debug|Any CPU
		{6C72F967-49AF-ABC7-BF84-2E4D4AE1973F}.Release|Any CPU.ActiveCfg = Release|Any CPU
		{6C72F967-49AF-ABC7-BF84-2E4D4AE1973F}.Release|Any CPU.Build.0 = Release|Any CPU
		{6C72F967-49AF-ABC7-BF84-2E4D4AE1973F}.Release|x86.ActiveCfg = Release|Any CPU
		{6C72F967-49AF-ABC7-BF84-2E4D4AE1973F}.Release|x86.Build.0 = Release|Any CPU
		{DE2F2E0D-7FA6-45BF-FCF8-F08D85C8FB77}.Debug|Any CPU.ActiveCfg = Debug|Any CPU
		{DE2F2E0D-7FA6-45BF-FCF8-F08D85C8FB77}.Debug|Any CPU.Build.0 = Debug|Any CPU
		{DE2F2E0D-7FA6-45BF-FCF8-F08D85C8FB77}.Debug|x86.ActiveCfg = Debug|Any CPU
		{DE2F2E0D-7FA6-45BF-FCF8-F08D85C8FB77}.Debug|x86.Build.0 = Debug|Any CPU
		{DE2F2E0D-7FA6-45BF-FCF8-F08D85C8FB77}.Release|Any CPU.ActiveCfg = Release|Any CPU
		{DE2F2E0D-7FA6-45BF-FCF8-F08D85C8FB77}.Release|Any CPU.Build.0 = Release|Any CPU
		{DE2F2E0D-7FA6-45BF-FCF8-F08D85C8FB77}.Release|x86.ActiveCfg = Release|Any CPU
		{DE2F2E0D-7FA6-45BF-FCF8-F08D85C8FB77}.Release|x86.Build.0 = Release|Any CPU
		{B99340A2-0063-904D-0CA5-5BCCADD68CD5}.Debug|Any CPU.ActiveCfg = Debug|Any CPU
		{B99340A2-0063-904D-0CA5-5BCCADD68CD5}.Debug|Any CPU.Build.0 = Debug|Any CPU
		{B99340A2-0063-904D-0CA5-5BCCADD68CD5}.Debug|x86.ActiveCfg = Debug|Any CPU
		{B99340A2-0063-904D-0CA5-5BCCADD68CD5}.Debug|x86.Build.0 = Debug|Any CPU
		{B99340A2-0063-904D-0CA5-5BCCADD68CD5}.Release|Any CPU.ActiveCfg = Release|Any CPU
		{B99340A2-0063-904D-0CA5-5BCCADD68CD5}.Release|Any CPU.Build.0 = Release|Any CPU
		{B99340A2-0063-904D-0CA5-5BCCADD68CD5}.Release|x86.ActiveCfg = Release|Any CPU
		{B99340A2-0063-904D-0CA5-5BCCADD68CD5}.Release|x86.Build.0 = Release|Any CPU
		{3B562805-64EB-1AF1-71BF-6F33F8292A19}.Debug|Any CPU.ActiveCfg = Debug|Any CPU
		{3B562805-64EB-1AF1-71BF-6F33F8292A19}.Debug|Any CPU.Build.0 = Debug|Any CPU
		{3B562805-64EB-1AF1-71BF-6F33F8292A19}.Debug|x86.ActiveCfg = Debug|Any CPU
		{3B562805-64EB-1AF1-71BF-6F33F8292A19}.Debug|x86.Build.0 = Debug|Any CPU
		{3B562805-64EB-1AF1-71BF-6F33F8292A19}.Release|Any CPU.ActiveCfg = Release|Any CPU
		{3B562805-64EB-1AF1-71BF-6F33F8292A19}.Release|Any CPU.Build.0 = Release|Any CPU
		{3B562805-64EB-1AF1-71BF-6F33F8292A19}.Release|x86.ActiveCfg = Release|Any CPU
		{3B562805-64EB-1AF1-71BF-6F33F8292A19}.Release|x86.Build.0 = Release|Any CPU
		{C0245D1C-5340-FE4C-32C0-31965CC8A8E3}.Debug|Any CPU.ActiveCfg = Debug|Any CPU
		{C0245D1C-5340-FE4C-32C0-31965CC8A8E3}.Debug|Any CPU.Build.0 = Debug|Any CPU
		{C0245D1C-5340-FE4C-32C0-31965CC8A8E3}.Debug|x86.ActiveCfg = Debug|Any CPU
		{C0245D1C-5340-FE4C-32C0-31965CC8A8E3}.Debug|x86.Build.0 = Debug|Any CPU
		{C0245D1C-5340-FE4C-32C0-31965CC8A8E3}.Release|Any CPU.ActiveCfg = Release|Any CPU
		{C0245D1C-5340-FE4C-32C0-31965CC8A8E3}.Release|Any CPU.Build.0 = Release|Any CPU
		{C0245D1C-5340-FE4C-32C0-31965CC8A8E3}.Release|x86.ActiveCfg = Release|Any CPU
		{C0245D1C-5340-FE4C-32C0-31965CC8A8E3}.Release|x86.Build.0 = Release|Any CPU
		{7862FAFD-30DF-357B-0F98-7C39A17458D2}.Debug|Any CPU.ActiveCfg = Debug|Any CPU
		{7862FAFD-30DF-357B-0F98-7C39A17458D2}.Debug|Any CPU.Build.0 = Debug|Any CPU
		{7862FAFD-30DF-357B-0F98-7C39A17458D2}.Debug|x86.ActiveCfg = Debug|Any CPU
		{7862FAFD-30DF-357B-0F98-7C39A17458D2}.Debug|x86.Build.0 = Debug|Any CPU
		{7862FAFD-30DF-357B-0F98-7C39A17458D2}.Release|Any CPU.ActiveCfg = Release|Any CPU
		{7862FAFD-30DF-357B-0F98-7C39A17458D2}.Release|Any CPU.Build.0 = Release|Any CPU
		{7862FAFD-30DF-357B-0F98-7C39A17458D2}.Release|x86.ActiveCfg = Release|Any CPU
		{7862FAFD-30DF-357B-0F98-7C39A17458D2}.Release|x86.Build.0 = Release|Any CPU
		{4495403B-6FD5-B536-4BA1-082A9E7C3248}.Debug|Any CPU.ActiveCfg = Debug|Any CPU
		{4495403B-6FD5-B536-4BA1-082A9E7C3248}.Debug|Any CPU.Build.0 = Debug|Any CPU
		{4495403B-6FD5-B536-4BA1-082A9E7C3248}.Debug|x86.ActiveCfg = Debug|Any CPU
		{4495403B-6FD5-B536-4BA1-082A9E7C3248}.Debug|x86.Build.0 = Debug|Any CPU
		{4495403B-6FD5-B536-4BA1-082A9E7C3248}.Release|Any CPU.ActiveCfg = Release|Any CPU
		{4495403B-6FD5-B536-4BA1-082A9E7C3248}.Release|Any CPU.Build.0 = Release|Any CPU
		{4495403B-6FD5-B536-4BA1-082A9E7C3248}.Release|x86.ActiveCfg = Release|Any CPU
		{4495403B-6FD5-B536-4BA1-082A9E7C3248}.Release|x86.Build.0 = Release|Any CPU
		{5DDE4702-FEE6-D6FE-6442-1042A4C3D6A5}.Debug|Any CPU.ActiveCfg = Debug|Any CPU
		{5DDE4702-FEE6-D6FE-6442-1042A4C3D6A5}.Debug|Any CPU.Build.0 = Debug|Any CPU
		{5DDE4702-FEE6-D6FE-6442-1042A4C3D6A5}.Debug|x86.ActiveCfg = Debug|Any CPU
		{5DDE4702-FEE6-D6FE-6442-1042A4C3D6A5}.Debug|x86.Build.0 = Debug|Any CPU
		{5DDE4702-FEE6-D6FE-6442-1042A4C3D6A5}.Release|Any CPU.ActiveCfg = Release|Any CPU
		{5DDE4702-FEE6-D6FE-6442-1042A4C3D6A5}.Release|Any CPU.Build.0 = Release|Any CPU
		{5DDE4702-FEE6-D6FE-6442-1042A4C3D6A5}.Release|x86.ActiveCfg = Release|Any CPU
		{5DDE4702-FEE6-D6FE-6442-1042A4C3D6A5}.Release|x86.Build.0 = Release|Any CPU
		{1671AFAE-AE03-AD20-DE37-543030320421}.Debug|Any CPU.ActiveCfg = Debug|Any CPU
		{1671AFAE-AE03-AD20-DE37-543030320421}.Debug|Any CPU.Build.0 = Debug|Any CPU
		{1671AFAE-AE03-AD20-DE37-543030320421}.Debug|x86.ActiveCfg = Debug|Any CPU
		{1671AFAE-AE03-AD20-DE37-543030320421}.Debug|x86.Build.0 = Debug|Any CPU
		{1671AFAE-AE03-AD20-DE37-543030320421}.Release|Any CPU.ActiveCfg = Release|Any CPU
		{1671AFAE-AE03-AD20-DE37-543030320421}.Release|Any CPU.Build.0 = Release|Any CPU
		{1671AFAE-AE03-AD20-DE37-543030320421}.Release|x86.ActiveCfg = Release|Any CPU
		{1671AFAE-AE03-AD20-DE37-543030320421}.Release|x86.Build.0 = Release|Any CPU
		{7352D493-3DA6-A060-08A6-B26D364F84BF}.Debug|Any CPU.ActiveCfg = Debug|Any CPU
		{7352D493-3DA6-A060-08A6-B26D364F84BF}.Debug|Any CPU.Build.0 = Debug|Any CPU
		{7352D493-3DA6-A060-08A6-B26D364F84BF}.Debug|x86.ActiveCfg = Debug|Any CPU
		{7352D493-3DA6-A060-08A6-B26D364F84BF}.Debug|x86.Build.0 = Debug|Any CPU
		{7352D493-3DA6-A060-08A6-B26D364F84BF}.Release|Any CPU.ActiveCfg = Release|Any CPU
		{7352D493-3DA6-A060-08A6-B26D364F84BF}.Release|Any CPU.Build.0 = Release|Any CPU
		{7352D493-3DA6-A060-08A6-B26D364F84BF}.Release|x86.ActiveCfg = Release|Any CPU
		{7352D493-3DA6-A060-08A6-B26D364F84BF}.Release|x86.Build.0 = Release|Any CPU
		{AE9D790B-A98D-D99A-A271-E2B746113DBA}.Debug|Any CPU.ActiveCfg = Debug|Any CPU
		{AE9D790B-A98D-D99A-A271-E2B746113DBA}.Debug|Any CPU.Build.0 = Debug|Any CPU
		{AE9D790B-A98D-D99A-A271-E2B746113DBA}.Debug|x86.ActiveCfg = Debug|Any CPU
		{AE9D790B-A98D-D99A-A271-E2B746113DBA}.Debug|x86.Build.0 = Debug|Any CPU
		{AE9D790B-A98D-D99A-A271-E2B746113DBA}.Release|Any CPU.ActiveCfg = Release|Any CPU
		{AE9D790B-A98D-D99A-A271-E2B746113DBA}.Release|Any CPU.Build.0 = Release|Any CPU
		{AE9D790B-A98D-D99A-A271-E2B746113DBA}.Release|x86.ActiveCfg = Release|Any CPU
		{AE9D790B-A98D-D99A-A271-E2B746113DBA}.Release|x86.Build.0 = Release|Any CPU
		{35558D0B-EC80-DEFF-3021-8611920D48C5}.Debug|Any CPU.ActiveCfg = Debug|Any CPU
		{35558D0B-EC80-DEFF-3021-8611920D48C5}.Debug|Any CPU.Build.0 = Debug|Any CPU
		{35558D0B-EC80-DEFF-3021-8611920D48C5}.Debug|x86.ActiveCfg = Debug|Any CPU
		{35558D0B-EC80-DEFF-3021-8611920D48C5}.Debug|x86.Build.0 = Debug|Any CPU
		{35558D0B-EC80-DEFF-3021-8611920D48C5}.Release|Any CPU.ActiveCfg = Release|Any CPU
		{35558D0B-EC80-DEFF-3021-8611920D48C5}.Release|Any CPU.Build.0 = Release|Any CPU
		{35558D0B-EC80-DEFF-3021-8611920D48C5}.Release|x86.ActiveCfg = Release|Any CPU
		{35558D0B-EC80-DEFF-3021-8611920D48C5}.Release|x86.Build.0 = Release|Any CPU
		{A0A131B9-B1EA-9C47-CCD7-13F6F9D05226}.Debug|Any CPU.ActiveCfg = Debug|Any CPU
		{A0A131B9-B1EA-9C47-CCD7-13F6F9D05226}.Debug|Any CPU.Build.0 = Debug|Any CPU
		{A0A131B9-B1EA-9C47-CCD7-13F6F9D05226}.Debug|x86.ActiveCfg = Debug|Any CPU
		{A0A131B9-B1EA-9C47-CCD7-13F6F9D05226}.Debug|x86.Build.0 = Debug|Any CPU
		{A0A131B9-B1EA-9C47-CCD7-13F6F9D05226}.Release|Any CPU.ActiveCfg = Release|Any CPU
		{A0A131B9-B1EA-9C47-CCD7-13F6F9D05226}.Release|Any CPU.Build.0 = Release|Any CPU
		{A0A131B9-B1EA-9C47-CCD7-13F6F9D05226}.Release|x86.ActiveCfg = Release|Any CPU
		{A0A131B9-B1EA-9C47-CCD7-13F6F9D05226}.Release|x86.Build.0 = Release|Any CPU
		{51EBFAD5-5438-2ABF-7ADA-977ED7D09D48}.Debug|Any CPU.ActiveCfg = Debug|Any CPU
		{51EBFAD5-5438-2ABF-7ADA-977ED7D09D48}.Debug|Any CPU.Build.0 = Debug|Any CPU
		{51EBFAD5-5438-2ABF-7ADA-977ED7D09D48}.Debug|x86.ActiveCfg = Debug|Any CPU
		{51EBFAD5-5438-2ABF-7ADA-977ED7D09D48}.Debug|x86.Build.0 = Debug|Any CPU
		{51EBFAD5-5438-2ABF-7ADA-977ED7D09D48}.Release|Any CPU.ActiveCfg = Release|Any CPU
		{51EBFAD5-5438-2ABF-7ADA-977ED7D09D48}.Release|Any CPU.Build.0 = Release|Any CPU
		{51EBFAD5-5438-2ABF-7ADA-977ED7D09D48}.Release|x86.ActiveCfg = Release|Any CPU
		{51EBFAD5-5438-2ABF-7ADA-977ED7D09D48}.Release|x86.Build.0 = Release|Any CPU
		{72F22BF7-1BCD-8D02-7569-4A0F7CB7E9D1}.Debug|Any CPU.ActiveCfg = Debug|Any CPU
		{72F22BF7-1BCD-8D02-7569-4A0F7CB7E9D1}.Debug|Any CPU.Build.0 = Debug|Any CPU
		{72F22BF7-1BCD-8D02-7569-4A0F7CB7E9D1}.Debug|x86.ActiveCfg = Debug|Any CPU
		{72F22BF7-1BCD-8D02-7569-4A0F7CB7E9D1}.Debug|x86.Build.0 = Debug|Any CPU
		{72F22BF7-1BCD-8D02-7569-4A0F7CB7E9D1}.Release|Any CPU.ActiveCfg = Release|Any CPU
		{72F22BF7-1BCD-8D02-7569-4A0F7CB7E9D1}.Release|Any CPU.Build.0 = Release|Any CPU
		{72F22BF7-1BCD-8D02-7569-4A0F7CB7E9D1}.Release|x86.ActiveCfg = Release|Any CPU
		{72F22BF7-1BCD-8D02-7569-4A0F7CB7E9D1}.Release|x86.Build.0 = Release|Any CPU
		{A5C475A9-7088-0DEA-D541-CD4F824A639C}.Debug|Any CPU.ActiveCfg = Debug|Any CPU
		{A5C475A9-7088-0DEA-D541-CD4F824A639C}.Debug|Any CPU.Build.0 = Debug|Any CPU
		{A5C475A9-7088-0DEA-D541-CD4F824A639C}.Debug|x86.ActiveCfg = Debug|Any CPU
		{A5C475A9-7088-0DEA-D541-CD4F824A639C}.Debug|x86.Build.0 = Debug|Any CPU
		{A5C475A9-7088-0DEA-D541-CD4F824A639C}.Release|Any CPU.ActiveCfg = Release|Any CPU
		{A5C475A9-7088-0DEA-D541-CD4F824A639C}.Release|Any CPU.Build.0 = Release|Any CPU
		{A5C475A9-7088-0DEA-D541-CD4F824A639C}.Release|x86.ActiveCfg = Release|Any CPU
		{A5C475A9-7088-0DEA-D541-CD4F824A639C}.Release|x86.Build.0 = Release|Any CPU
		{D7466C15-7C11-DDE9-2C51-09F0AC3E0005}.Debug|Any CPU.ActiveCfg = Debug|Any CPU
		{D7466C15-7C11-DDE9-2C51-09F0AC3E0005}.Debug|Any CPU.Build.0 = Debug|Any CPU
		{D7466C15-7C11-DDE9-2C51-09F0AC3E0005}.Debug|x86.ActiveCfg = Debug|Any CPU
		{D7466C15-7C11-DDE9-2C51-09F0AC3E0005}.Debug|x86.Build.0 = Debug|Any CPU
		{D7466C15-7C11-DDE9-2C51-09F0AC3E0005}.Release|Any CPU.ActiveCfg = Release|Any CPU
		{D7466C15-7C11-DDE9-2C51-09F0AC3E0005}.Release|Any CPU.Build.0 = Release|Any CPU
		{D7466C15-7C11-DDE9-2C51-09F0AC3E0005}.Release|x86.ActiveCfg = Release|Any CPU
		{D7466C15-7C11-DDE9-2C51-09F0AC3E0005}.Release|x86.Build.0 = Release|Any CPU
		{924CCACA-A9BD-FE6D-B89A-D206E4833A43}.Debug|Any CPU.ActiveCfg = Debug|Any CPU
		{924CCACA-A9BD-FE6D-B89A-D206E4833A43}.Debug|Any CPU.Build.0 = Debug|Any CPU
		{924CCACA-A9BD-FE6D-B89A-D206E4833A43}.Debug|x86.ActiveCfg = Debug|Any CPU
		{924CCACA-A9BD-FE6D-B89A-D206E4833A43}.Debug|x86.Build.0 = Debug|Any CPU
		{924CCACA-A9BD-FE6D-B89A-D206E4833A43}.Release|Any CPU.ActiveCfg = Release|Any CPU
		{924CCACA-A9BD-FE6D-B89A-D206E4833A43}.Release|Any CPU.Build.0 = Release|Any CPU
		{924CCACA-A9BD-FE6D-B89A-D206E4833A43}.Release|x86.ActiveCfg = Release|Any CPU
		{924CCACA-A9BD-FE6D-B89A-D206E4833A43}.Release|x86.Build.0 = Release|Any CPU
		{056950E9-DD91-4D90-B0B2-5B9F0D5155B5}.Debug|Any CPU.ActiveCfg = Debug|Any CPU
		{056950E9-DD91-4D90-B0B2-5B9F0D5155B5}.Debug|Any CPU.Build.0 = Debug|Any CPU
		{056950E9-DD91-4D90-B0B2-5B9F0D5155B5}.Debug|x86.ActiveCfg = Debug|x86
		{056950E9-DD91-4D90-B0B2-5B9F0D5155B5}.Debug|x86.Build.0 = Debug|x86
		{056950E9-DD91-4D90-B0B2-5B9F0D5155B5}.Release|Any CPU.ActiveCfg = Release|Any CPU
		{056950E9-DD91-4D90-B0B2-5B9F0D5155B5}.Release|Any CPU.Build.0 = Release|Any CPU
		{056950E9-DD91-4D90-B0B2-5B9F0D5155B5}.Release|x86.ActiveCfg = Release|x86
		{056950E9-DD91-4D90-B0B2-5B9F0D5155B5}.Release|x86.Build.0 = Release|x86
		{163A4B3A-345E-8BEE-5006-B6B6FCC4A8FC}.Debug|Any CPU.ActiveCfg = Debug|Any CPU
		{163A4B3A-345E-8BEE-5006-B6B6FCC4A8FC}.Debug|Any CPU.Build.0 = Debug|Any CPU
		{163A4B3A-345E-8BEE-5006-B6B6FCC4A8FC}.Debug|x86.ActiveCfg = Debug|Any CPU
		{163A4B3A-345E-8BEE-5006-B6B6FCC4A8FC}.Debug|x86.Build.0 = Debug|Any CPU
		{163A4B3A-345E-8BEE-5006-B6B6FCC4A8FC}.Release|Any CPU.ActiveCfg = Release|Any CPU
		{163A4B3A-345E-8BEE-5006-B6B6FCC4A8FC}.Release|Any CPU.Build.0 = Release|Any CPU
		{163A4B3A-345E-8BEE-5006-B6B6FCC4A8FC}.Release|x86.ActiveCfg = Release|Any CPU
		{163A4B3A-345E-8BEE-5006-B6B6FCC4A8FC}.Release|x86.Build.0 = Release|Any CPU
		{3323D7DA-1563-4358-552E-FAB9E6EBB826}.Debug|Any CPU.ActiveCfg = Debug|Any CPU
		{3323D7DA-1563-4358-552E-FAB9E6EBB826}.Debug|Any CPU.Build.0 = Debug|Any CPU
		{3323D7DA-1563-4358-552E-FAB9E6EBB826}.Debug|x86.ActiveCfg = Debug|Any CPU
		{3323D7DA-1563-4358-552E-FAB9E6EBB826}.Debug|x86.Build.0 = Debug|Any CPU
		{3323D7DA-1563-4358-552E-FAB9E6EBB826}.Release|Any CPU.ActiveCfg = Release|Any CPU
		{3323D7DA-1563-4358-552E-FAB9E6EBB826}.Release|Any CPU.Build.0 = Release|Any CPU
		{3323D7DA-1563-4358-552E-FAB9E6EBB826}.Release|x86.ActiveCfg = Release|Any CPU
		{3323D7DA-1563-4358-552E-FAB9E6EBB826}.Release|x86.Build.0 = Release|Any CPU
		{265E8C76-BE05-5EBC-84C2-E37466BB710C}.Debug|Any CPU.ActiveCfg = Debug|Any CPU
		{265E8C76-BE05-5EBC-84C2-E37466BB710C}.Debug|Any CPU.Build.0 = Debug|Any CPU
		{265E8C76-BE05-5EBC-84C2-E37466BB710C}.Debug|x86.ActiveCfg = Debug|Any CPU
		{265E8C76-BE05-5EBC-84C2-E37466BB710C}.Debug|x86.Build.0 = Debug|Any CPU
		{265E8C76-BE05-5EBC-84C2-E37466BB710C}.Release|Any CPU.ActiveCfg = Release|Any CPU
		{265E8C76-BE05-5EBC-84C2-E37466BB710C}.Release|Any CPU.Build.0 = Release|Any CPU
		{265E8C76-BE05-5EBC-84C2-E37466BB710C}.Release|x86.ActiveCfg = Release|Any CPU
		{265E8C76-BE05-5EBC-84C2-E37466BB710C}.Release|x86.Build.0 = Release|Any CPU
		{8825F3E5-A772-4368-A960-C8AB403CFE5F}.Debug|Any CPU.ActiveCfg = Debug|Any CPU
		{8825F3E5-A772-4368-A960-C8AB403CFE5F}.Debug|Any CPU.Build.0 = Debug|Any CPU
		{8825F3E5-A772-4368-A960-C8AB403CFE5F}.Debug|x86.ActiveCfg = Debug|Any CPU
		{8825F3E5-A772-4368-A960-C8AB403CFE5F}.Debug|x86.Build.0 = Debug|Any CPU
		{8825F3E5-A772-4368-A960-C8AB403CFE5F}.Release|Any CPU.ActiveCfg = Release|Any CPU
		{8825F3E5-A772-4368-A960-C8AB403CFE5F}.Release|Any CPU.Build.0 = Release|Any CPU
		{8825F3E5-A772-4368-A960-C8AB403CFE5F}.Release|x86.ActiveCfg = Release|Any CPU
		{8825F3E5-A772-4368-A960-C8AB403CFE5F}.Release|x86.Build.0 = Release|Any CPU
		{544C3048-A564-0694-E753-62E6188BA2A6}.Debug|Any CPU.ActiveCfg = Debug|Any CPU
		{544C3048-A564-0694-E753-62E6188BA2A6}.Debug|Any CPU.Build.0 = Debug|Any CPU
		{544C3048-A564-0694-E753-62E6188BA2A6}.Debug|x86.ActiveCfg = Debug|Any CPU
		{544C3048-A564-0694-E753-62E6188BA2A6}.Debug|x86.Build.0 = Debug|Any CPU
		{544C3048-A564-0694-E753-62E6188BA2A6}.Release|Any CPU.ActiveCfg = Release|Any CPU
		{544C3048-A564-0694-E753-62E6188BA2A6}.Release|Any CPU.Build.0 = Release|Any CPU
		{544C3048-A564-0694-E753-62E6188BA2A6}.Release|x86.ActiveCfg = Release|Any CPU
		{544C3048-A564-0694-E753-62E6188BA2A6}.Release|x86.Build.0 = Release|Any CPU
		{CD962A42-457C-7C34-B4DF-625E562B2D74}.Debug|Any CPU.ActiveCfg = Debug|Any CPU
		{CD962A42-457C-7C34-B4DF-625E562B2D74}.Debug|Any CPU.Build.0 = Debug|Any CPU
		{CD962A42-457C-7C34-B4DF-625E562B2D74}.Debug|x86.ActiveCfg = Debug|Any CPU
		{CD962A42-457C-7C34-B4DF-625E562B2D74}.Debug|x86.Build.0 = Debug|Any CPU
		{CD962A42-457C-7C34-B4DF-625E562B2D74}.Release|Any CPU.ActiveCfg = Release|Any CPU
		{CD962A42-457C-7C34-B4DF-625E562B2D74}.Release|Any CPU.Build.0 = Release|Any CPU
		{CD962A42-457C-7C34-B4DF-625E562B2D74}.Release|x86.ActiveCfg = Release|Any CPU
		{CD962A42-457C-7C34-B4DF-625E562B2D74}.Release|x86.Build.0 = Release|Any CPU
		{E34443B4-2BA8-3638-8A8A-B81568CFC78A}.Debug|Any CPU.ActiveCfg = Debug|Any CPU
		{E34443B4-2BA8-3638-8A8A-B81568CFC78A}.Debug|Any CPU.Build.0 = Debug|Any CPU
		{E34443B4-2BA8-3638-8A8A-B81568CFC78A}.Debug|x86.ActiveCfg = Debug|Any CPU
		{E34443B4-2BA8-3638-8A8A-B81568CFC78A}.Debug|x86.Build.0 = Debug|Any CPU
		{E34443B4-2BA8-3638-8A8A-B81568CFC78A}.Release|Any CPU.ActiveCfg = Release|Any CPU
		{E34443B4-2BA8-3638-8A8A-B81568CFC78A}.Release|Any CPU.Build.0 = Release|Any CPU
		{E34443B4-2BA8-3638-8A8A-B81568CFC78A}.Release|x86.ActiveCfg = Release|Any CPU
		{E34443B4-2BA8-3638-8A8A-B81568CFC78A}.Release|x86.Build.0 = Release|Any CPU
		{4902101E-C022-87E1-A2F7-9D50027E4288}.Debug|Any CPU.ActiveCfg = Debug|Any CPU
		{4902101E-C022-87E1-A2F7-9D50027E4288}.Debug|Any CPU.Build.0 = Debug|Any CPU
		{4902101E-C022-87E1-A2F7-9D50027E4288}.Debug|x86.ActiveCfg = Debug|Any CPU
		{4902101E-C022-87E1-A2F7-9D50027E4288}.Debug|x86.Build.0 = Debug|Any CPU
		{4902101E-C022-87E1-A2F7-9D50027E4288}.Release|Any CPU.ActiveCfg = Release|Any CPU
		{4902101E-C022-87E1-A2F7-9D50027E4288}.Release|Any CPU.Build.0 = Release|Any CPU
		{4902101E-C022-87E1-A2F7-9D50027E4288}.Release|x86.ActiveCfg = Release|Any CPU
		{4902101E-C022-87E1-A2F7-9D50027E4288}.Release|x86.Build.0 = Release|Any CPU
		{F3B9317E-1B59-C61C-D78F-D34903AEE045}.Debug|Any CPU.ActiveCfg = Debug|Any CPU
		{F3B9317E-1B59-C61C-D78F-D34903AEE045}.Debug|Any CPU.Build.0 = Debug|Any CPU
		{F3B9317E-1B59-C61C-D78F-D34903AEE045}.Debug|x86.ActiveCfg = Debug|Any CPU
		{F3B9317E-1B59-C61C-D78F-D34903AEE045}.Debug|x86.Build.0 = Debug|Any CPU
		{F3B9317E-1B59-C61C-D78F-D34903AEE045}.Release|Any CPU.ActiveCfg = Release|Any CPU
		{F3B9317E-1B59-C61C-D78F-D34903AEE045}.Release|Any CPU.Build.0 = Release|Any CPU
		{F3B9317E-1B59-C61C-D78F-D34903AEE045}.Release|x86.ActiveCfg = Release|Any CPU
		{F3B9317E-1B59-C61C-D78F-D34903AEE045}.Release|x86.Build.0 = Release|Any CPU
		{77F390CB-AC1F-53A6-7379-0ABF7F075561}.Debug|Any CPU.ActiveCfg = Debug|Any CPU
		{77F390CB-AC1F-53A6-7379-0ABF7F075561}.Debug|Any CPU.Build.0 = Debug|Any CPU
		{77F390CB-AC1F-53A6-7379-0ABF7F075561}.Debug|x86.ActiveCfg = Debug|Any CPU
		{77F390CB-AC1F-53A6-7379-0ABF7F075561}.Debug|x86.Build.0 = Debug|Any CPU
		{77F390CB-AC1F-53A6-7379-0ABF7F075561}.Release|Any CPU.ActiveCfg = Release|Any CPU
		{77F390CB-AC1F-53A6-7379-0ABF7F075561}.Release|Any CPU.Build.0 = Release|Any CPU
		{77F390CB-AC1F-53A6-7379-0ABF7F075561}.Release|x86.ActiveCfg = Release|Any CPU
		{77F390CB-AC1F-53A6-7379-0ABF7F075561}.Release|x86.Build.0 = Release|Any CPU
		{1FB3A9FE-281F-FBF3-976B-9618EA63AD05}.Debug|Any CPU.ActiveCfg = Debug|Any CPU
		{1FB3A9FE-281F-FBF3-976B-9618EA63AD05}.Debug|Any CPU.Build.0 = Debug|Any CPU
		{1FB3A9FE-281F-FBF3-976B-9618EA63AD05}.Debug|x86.ActiveCfg = Debug|Any CPU
		{1FB3A9FE-281F-FBF3-976B-9618EA63AD05}.Debug|x86.Build.0 = Debug|Any CPU
		{1FB3A9FE-281F-FBF3-976B-9618EA63AD05}.Release|Any CPU.ActiveCfg = Release|Any CPU
		{1FB3A9FE-281F-FBF3-976B-9618EA63AD05}.Release|Any CPU.Build.0 = Release|Any CPU
		{1FB3A9FE-281F-FBF3-976B-9618EA63AD05}.Release|x86.ActiveCfg = Release|Any CPU
		{1FB3A9FE-281F-FBF3-976B-9618EA63AD05}.Release|x86.Build.0 = Release|Any CPU
		{4A96A379-4F8E-A752-2945-1B6F4C1B7CA1}.Debug|Any CPU.ActiveCfg = Debug|Any CPU
		{4A96A379-4F8E-A752-2945-1B6F4C1B7CA1}.Debug|Any CPU.Build.0 = Debug|Any CPU
		{4A96A379-4F8E-A752-2945-1B6F4C1B7CA1}.Debug|x86.ActiveCfg = Debug|Any CPU
		{4A96A379-4F8E-A752-2945-1B6F4C1B7CA1}.Debug|x86.Build.0 = Debug|Any CPU
		{4A96A379-4F8E-A752-2945-1B6F4C1B7CA1}.Release|Any CPU.ActiveCfg = Release|Any CPU
		{4A96A379-4F8E-A752-2945-1B6F4C1B7CA1}.Release|Any CPU.Build.0 = Release|Any CPU
		{4A96A379-4F8E-A752-2945-1B6F4C1B7CA1}.Release|x86.ActiveCfg = Release|Any CPU
		{4A96A379-4F8E-A752-2945-1B6F4C1B7CA1}.Release|x86.Build.0 = Release|Any CPU
		{79B80F68-55CB-3774-9D00-7B3EAFEAF020}.Debug|Any CPU.ActiveCfg = Debug|Any CPU
		{79B80F68-55CB-3774-9D00-7B3EAFEAF020}.Debug|Any CPU.Build.0 = Debug|Any CPU
		{79B80F68-55CB-3774-9D00-7B3EAFEAF020}.Debug|x86.ActiveCfg = Debug|Any CPU
		{79B80F68-55CB-3774-9D00-7B3EAFEAF020}.Debug|x86.Build.0 = Debug|Any CPU
		{79B80F68-55CB-3774-9D00-7B3EAFEAF020}.Release|Any CPU.ActiveCfg = Release|Any CPU
		{79B80F68-55CB-3774-9D00-7B3EAFEAF020}.Release|Any CPU.Build.0 = Release|Any CPU
		{79B80F68-55CB-3774-9D00-7B3EAFEAF020}.Release|x86.ActiveCfg = Release|Any CPU
		{79B80F68-55CB-3774-9D00-7B3EAFEAF020}.Release|x86.Build.0 = Release|Any CPU
		{92940713-C7ED-53D4-13E5-9AFAFA90FA5A}.Debug|Any CPU.ActiveCfg = Debug|Any CPU
		{92940713-C7ED-53D4-13E5-9AFAFA90FA5A}.Debug|Any CPU.Build.0 = Debug|Any CPU
		{92940713-C7ED-53D4-13E5-9AFAFA90FA5A}.Debug|x86.ActiveCfg = Debug|Any CPU
		{92940713-C7ED-53D4-13E5-9AFAFA90FA5A}.Debug|x86.Build.0 = Debug|Any CPU
		{92940713-C7ED-53D4-13E5-9AFAFA90FA5A}.Release|Any CPU.ActiveCfg = Release|Any CPU
		{92940713-C7ED-53D4-13E5-9AFAFA90FA5A}.Release|Any CPU.Build.0 = Release|Any CPU
		{92940713-C7ED-53D4-13E5-9AFAFA90FA5A}.Release|x86.ActiveCfg = Release|Any CPU
		{92940713-C7ED-53D4-13E5-9AFAFA90FA5A}.Release|x86.Build.0 = Release|Any CPU
		{B0BD258A-9D85-D45F-B3BF-E1E438FDD523}.Debug|Any CPU.ActiveCfg = Debug|Any CPU
		{B0BD258A-9D85-D45F-B3BF-E1E438FDD523}.Debug|Any CPU.Build.0 = Debug|Any CPU
		{B0BD258A-9D85-D45F-B3BF-E1E438FDD523}.Debug|x86.ActiveCfg = Debug|Any CPU
		{B0BD258A-9D85-D45F-B3BF-E1E438FDD523}.Debug|x86.Build.0 = Debug|Any CPU
		{B0BD258A-9D85-D45F-B3BF-E1E438FDD523}.Release|Any CPU.ActiveCfg = Release|Any CPU
		{B0BD258A-9D85-D45F-B3BF-E1E438FDD523}.Release|Any CPU.Build.0 = Release|Any CPU
		{B0BD258A-9D85-D45F-B3BF-E1E438FDD523}.Release|x86.ActiveCfg = Release|Any CPU
		{B0BD258A-9D85-D45F-B3BF-E1E438FDD523}.Release|x86.Build.0 = Release|Any CPU
	EndGlobalSection
	GlobalSection(SolutionProperties) = preSolution
		HideSolutionNode = FALSE
	EndGlobalSection
	GlobalSection(NestedProjects) = preSolution
		{FF224D62-CD82-4053-90CC-98C6C498BF3F} = {AC19DFB6-CDE9-4C8D-A9A3-451D8E44F532}
		{7052F22A-81CF-0163-2106-1A4FFB0B03C1} = {02EA681E-C7D8-13C7-8484-4AC65E1B71E8}
		{261A06F0-B745-DC64-D710-735BA354E642} = {02EA681E-C7D8-13C7-8484-4AC65E1B71E8}
		{816F822A-240C-E60E-25A4-D653F53557D4} = {02EA681E-C7D8-13C7-8484-4AC65E1B71E8}
		{784BFCAA-259B-E4E7-5689-51EB8D47BFC4} = {02EA681E-C7D8-13C7-8484-4AC65E1B71E8}
		{337AE4C2-5A08-E931-BEAF-A9B71EEC532D} = {02EA681E-C7D8-13C7-8484-4AC65E1B71E8}
		{E1943267-ABA0-33A8-9126-F16C27A1B168} = {02EA681E-C7D8-13C7-8484-4AC65E1B71E8}
		{0C2554C0-804F-C41E-00B3-F39B14F88089} = {02EA681E-C7D8-13C7-8484-4AC65E1B71E8}
		{8385A470-20C8-2C6E-171F-6EF474123B3B} = {02EA681E-C7D8-13C7-8484-4AC65E1B71E8}
		{5A2BCA1B-684A-4152-0099-3CADC29CBF9F} = {02EA681E-C7D8-13C7-8484-4AC65E1B71E8}
		{1F13FB85-3985-48EC-83BC-5335A83A21D5} = {7BDC1E3F-79D5-43AA-8F9B-3DDF02FF57D5}
		{34F6F04C-82CC-42CD-BAA9-DAA121802B19} = {7BDC1E3F-79D5-43AA-8F9B-3DDF02FF57D5}
		{09BF7DFE-3E94-331F-9F57-397B4F114D57} = {7BDC1E3F-79D5-43AA-8F9B-3DDF02FF57D5}
		{5FB61BA1-02CF-BEC4-820A-73DDBA872FBB} = {7BDC1E3F-79D5-43AA-8F9B-3DDF02FF57D5}
		{47A015F7-7866-870C-ABCD-787EFA39E61D} = {7BDC1E3F-79D5-43AA-8F9B-3DDF02FF57D5}
		{0DC21E78-9BE0-8D5C-FEE6-DF9C076AD8B7} = {7BDC1E3F-79D5-43AA-8F9B-3DDF02FF57D5}
		{7E02706D-CB28-DF38-63D1-40CD1204D07C} = {7BDC1E3F-79D5-43AA-8F9B-3DDF02FF57D5}
		{5BC30A7C-17F6-1111-9348-A3709C28BF63} = {7BDC1E3F-79D5-43AA-8F9B-3DDF02FF57D5}
		{956A342E-EAB4-90E7-6135-7617005969B3} = {7BDC1E3F-79D5-43AA-8F9B-3DDF02FF57D5}
		{6FAEEC57-E98B-47A9-39C8-EA99034F0703} = {7BDC1E3F-79D5-43AA-8F9B-3DDF02FF57D5}
		{E826767F-7AD1-5AD7-5DBF-592B47CFF751} = {7BDC1E3F-79D5-43AA-8F9B-3DDF02FF57D5}
		{6C72F967-49AF-ABC7-BF84-2E4D4AE1973F} = {7BDC1E3F-79D5-43AA-8F9B-3DDF02FF57D5}
		{DE2F2E0D-7FA6-45BF-FCF8-F08D85C8FB77} = {7BDC1E3F-79D5-43AA-8F9B-3DDF02FF57D5}
		{B99340A2-0063-904D-0CA5-5BCCADD68CD5} = {7BDC1E3F-79D5-43AA-8F9B-3DDF02FF57D5}
		{3B562805-64EB-1AF1-71BF-6F33F8292A19} = {7BDC1E3F-79D5-43AA-8F9B-3DDF02FF57D5}
		{C0245D1C-5340-FE4C-32C0-31965CC8A8E3} = {7BDC1E3F-79D5-43AA-8F9B-3DDF02FF57D5}
		{7862FAFD-30DF-357B-0F98-7C39A17458D2} = {7BDC1E3F-79D5-43AA-8F9B-3DDF02FF57D5}
		{4495403B-6FD5-B536-4BA1-082A9E7C3248} = {7BDC1E3F-79D5-43AA-8F9B-3DDF02FF57D5}
		{5DDE4702-FEE6-D6FE-6442-1042A4C3D6A5} = {7BDC1E3F-79D5-43AA-8F9B-3DDF02FF57D5}
		{1671AFAE-AE03-AD20-DE37-543030320421} = {7BDC1E3F-79D5-43AA-8F9B-3DDF02FF57D5}
		{7352D493-3DA6-A060-08A6-B26D364F84BF} = {7BDC1E3F-79D5-43AA-8F9B-3DDF02FF57D5}
		{AE9D790B-A98D-D99A-A271-E2B746113DBA} = {7BDC1E3F-79D5-43AA-8F9B-3DDF02FF57D5}
		{35558D0B-EC80-DEFF-3021-8611920D48C5} = {7BDC1E3F-79D5-43AA-8F9B-3DDF02FF57D5}
		{A0A131B9-B1EA-9C47-CCD7-13F6F9D05226} = {7BDC1E3F-79D5-43AA-8F9B-3DDF02FF57D5}
		{51EBFAD5-5438-2ABF-7ADA-977ED7D09D48} = {7BDC1E3F-79D5-43AA-8F9B-3DDF02FF57D5}
		{72F22BF7-1BCD-8D02-7569-4A0F7CB7E9D1} = {7BDC1E3F-79D5-43AA-8F9B-3DDF02FF57D5}
		{A5C475A9-7088-0DEA-D541-CD4F824A639C} = {7BDC1E3F-79D5-43AA-8F9B-3DDF02FF57D5}
		{D7466C15-7C11-DDE9-2C51-09F0AC3E0005} = {7BDC1E3F-79D5-43AA-8F9B-3DDF02FF57D5}
		{5D8A47E9-746E-4D9E-806F-DD734D5155C2} = {5BE1358A-B01C-4A9A-A4A1-0C032AA53277}
		{924CCACA-A9BD-FE6D-B89A-D206E4833A43} = {5D8A47E9-746E-4D9E-806F-DD734D5155C2}
		{056950E9-DD91-4D90-B0B2-5B9F0D5155B5} = {5D8A47E9-746E-4D9E-806F-DD734D5155C2}
		{163A4B3A-345E-8BEE-5006-B6B6FCC4A8FC} = {5D8A47E9-746E-4D9E-806F-DD734D5155C2}
		{3323D7DA-1563-4358-552E-FAB9E6EBB826} = {5D8A47E9-746E-4D9E-806F-DD734D5155C2}
		{265E8C76-BE05-5EBC-84C2-E37466BB710C} = {5D8A47E9-746E-4D9E-806F-DD734D5155C2}
		{8825F3E5-A772-4368-A960-C8AB403CFE5F} = {5D8A47E9-746E-4D9E-806F-DD734D5155C2}
		{544C3048-A564-0694-E753-62E6188BA2A6} = {5D8A47E9-746E-4D9E-806F-DD734D5155C2}
		{CD962A42-457C-7C34-B4DF-625E562B2D74} = {5D8A47E9-746E-4D9E-806F-DD734D5155C2}
		{E34443B4-2BA8-3638-8A8A-B81568CFC78A} = {5D8A47E9-746E-4D9E-806F-DD734D5155C2}
		{4902101E-C022-87E1-A2F7-9D50027E4288} = {5D8A47E9-746E-4D9E-806F-DD734D5155C2}
		{F3B9317E-1B59-C61C-D78F-D34903AEE045} = {5D8A47E9-746E-4D9E-806F-DD734D5155C2}
		{CD69D2D4-0235-495E-AEE2-654BEE9288E6} = {5BE1358A-B01C-4A9A-A4A1-0C032AA53277}
		{77F390CB-AC1F-53A6-7379-0ABF7F075561} = {CD69D2D4-0235-495E-AEE2-654BEE9288E6}
		{1FB3A9FE-281F-FBF3-976B-9618EA63AD05} = {CD69D2D4-0235-495E-AEE2-654BEE9288E6}
		{4A96A379-4F8E-A752-2945-1B6F4C1B7CA1} = {CD69D2D4-0235-495E-AEE2-654BEE9288E6}
		{79B80F68-55CB-3774-9D00-7B3EAFEAF020} = {CD69D2D4-0235-495E-AEE2-654BEE9288E6}
		{92940713-C7ED-53D4-13E5-9AFAFA90FA5A} = {CD69D2D4-0235-495E-AEE2-654BEE9288E6}
		{B0BD258A-9D85-D45F-B3BF-E1E438FDD523} = {CD69D2D4-0235-495E-AEE2-654BEE9288E6}
	EndGlobalSection
	GlobalSection(ExtensibilityGlobals) = postSolution
		SolutionGuid = {B939D87E-5D32-496F-9A41-AE1B7B519650}
	EndGlobalSection
	GlobalSection(SharedMSBuildProjectFiles) = preSolution
		src\Plato.Intrinsics\Plato.Intrinsics.projitems*{1f13fb85-3985-48ec-83bc-5335a83a21d5}*SharedItemsImports = 13
		src\Plato.Generated\Plato.Generated.projitems*{34f6f04c-82cc-42cd-baa9-daa121802b19}*SharedItemsImports = 13
		src\Plato.Generated\Plato.Generated.projitems*{35558d0b-ec80-deff-3021-8611920d48c5}*SharedItemsImports = 5
		src\Plato.Intrinsics\Plato.Intrinsics.projitems*{35558d0b-ec80-deff-3021-8611920d48c5}*SharedItemsImports = 5
	EndGlobalSection
EndGlobal
